// !$*UTF8*$!
{
	archiveVersion = 1;
	classes = {
	};
	objectVersion = 48;
	objects = {

/* Begin PBXBuildFile section */
		193AC5281FCCCDFE00017493 /* SwiftCommonsData.framework in Frameworks */ = {isa = PBXBuildFile; fileRef = 193AC5291FCCCDFE00017493 /* SwiftCommonsData.framework */; };
		1942755F1F87AC0300574076 /* CheckTests.swift in Sources */ = {isa = PBXBuildFile; fileRef = 19FDC1851F86F09200DA57BC /* CheckTests.swift */; };
		194275601F87AC0300574076 /* CheckTests.AllBlank.swift in Sources */ = {isa = PBXBuildFile; fileRef = 19FDC1CE1F86F7C300DA57BC /* CheckTests.AllBlank.swift */; };
		194275611F87AC0300574076 /* CheckTests.AllEmpty.swift in Sources */ = {isa = PBXBuildFile; fileRef = 19FDC1EB1F86F7C700DA57BC /* CheckTests.AllEmpty.swift */; };
		194275621F87AC0300574076 /* CheckTests.AllNil.swift in Sources */ = {isa = PBXBuildFile; fileRef = 19FDC1E91F86F7C600DA57BC /* CheckTests.AllNil.swift */; };
		194275631F87AC0300574076 /* CheckTests.AllNilOrNotValid.swift in Sources */ = {isa = PBXBuildFile; fileRef = 19FDC1D71F86F7C400DA57BC /* CheckTests.AllNilOrNotValid.swift */; };
		194275641F87AC0300574076 /* CheckTests.AllNilOrValid.swift in Sources */ = {isa = PBXBuildFile; fileRef = 19FDC1D51F86F7C400DA57BC /* CheckTests.AllNilOrValid.swift */; };
		194275651F87AC0300574076 /* CheckTests.AllNotBlank.swift in Sources */ = {isa = PBXBuildFile; fileRef = 19FDC1EA1F86F7C700DA57BC /* CheckTests.AllNotBlank.swift */; };
		194275661F87AC0300574076 /* CheckTests.AllNotEmpty.swift in Sources */ = {isa = PBXBuildFile; fileRef = 19FDC1D81F86F7C400DA57BC /* CheckTests.AllNotEmpty.swift */; };
		194275671F87AC0300574076 /* CheckTests.AllNotNil.swift in Sources */ = {isa = PBXBuildFile; fileRef = 19FDC1CD1F86F7C300DA57BC /* CheckTests.AllNotNil.swift */; };
		194275681F87AC0300574076 /* CheckTests.AllNotValid.swift in Sources */ = {isa = PBXBuildFile; fileRef = 19FDC1E21F86F7C500DA57BC /* CheckTests.AllNotValid.swift */; };
		194275691F87AC0300574076 /* CheckTests.AllValid.swift in Sources */ = {isa = PBXBuildFile; fileRef = 19FDC1D91F86F7C400DA57BC /* CheckTests.AllValid.swift */; };
		1942756A1F87AC0300574076 /* CheckTests.Blank.swift in Sources */ = {isa = PBXBuildFile; fileRef = 19FDC1DE1F86F7C500DA57BC /* CheckTests.Blank.swift */; };
		1942756B1F87AC0300574076 /* CheckTests.Empty.swift in Sources */ = {isa = PBXBuildFile; fileRef = 19FDC1E61F86F7C600DA57BC /* CheckTests.Empty.swift */; };
		1942756C1F87AC0300574076 /* CheckTests.Equal.swift in Sources */ = {isa = PBXBuildFile; fileRef = 19FDC1DB1F86F7C400DA57BC /* CheckTests.Equal.swift */; };
		1942756D1F87AC0300574076 /* CheckTests.GreaterThan.swift in Sources */ = {isa = PBXBuildFile; fileRef = 19FDC1DC1F86F7C500DA57BC /* CheckTests.GreaterThan.swift */; };
		1942756E1F87AC0300574076 /* CheckTests.GreaterThanOrEqualTo.swift in Sources */ = {isa = PBXBuildFile; fileRef = 19FDC1E81F86F7C600DA57BC /* CheckTests.GreaterThanOrEqualTo.swift */; };
		1942756F1F87AC0300574076 /* CheckTests.IsFalse.swift in Sources */ = {isa = PBXBuildFile; fileRef = 19FDC1CF1F86F7C300DA57BC /* CheckTests.IsFalse.swift */; };
		194275701F87AC0300574076 /* CheckTests.IsNil.swift in Sources */ = {isa = PBXBuildFile; fileRef = 19FDC1E11F86F7C500DA57BC /* CheckTests.IsNil.swift */; };
		194275711F87AC0300574076 /* CheckTests.IsTrue.swift in Sources */ = {isa = PBXBuildFile; fileRef = 19FDC1E41F86F7C600DA57BC /* CheckTests.IsTrue.swift */; };
		194275721F87AC0300574076 /* CheckTests.LessThan.swift in Sources */ = {isa = PBXBuildFile; fileRef = 19FDC1D41F86F7C400DA57BC /* CheckTests.LessThan.swift */; };
		194275731F87AC0300574076 /* CheckTests.LessThanOrEqualTo.swift in Sources */ = {isa = PBXBuildFile; fileRef = 19FDC1D01F86F7C300DA57BC /* CheckTests.LessThanOrEqualTo.swift */; };
		194275741F87AC0300574076 /* CheckTests.NilOrNotValid.swift in Sources */ = {isa = PBXBuildFile; fileRef = 19FDC1DA1F86F7C400DA57BC /* CheckTests.NilOrNotValid.swift */; };
		194275751F87AC0300574076 /* CheckTests.NilOrValid.swift in Sources */ = {isa = PBXBuildFile; fileRef = 19FDC1D21F86F7C300DA57BC /* CheckTests.NilOrValid.swift */; };
		194275761F87AC0300574076 /* CheckTests.NotBlank.swift in Sources */ = {isa = PBXBuildFile; fileRef = 19FDC1D61F86F7C400DA57BC /* CheckTests.NotBlank.swift */; };
		194275771F87AC0300574076 /* CheckTests.NotEmpty.swift in Sources */ = {isa = PBXBuildFile; fileRef = 19FDC1DD1F86F7C500DA57BC /* CheckTests.NotEmpty.swift */; };
		194275781F87AC0300574076 /* CheckTests.NotEqual.swift in Sources */ = {isa = PBXBuildFile; fileRef = 19FDC1D31F86F7C400DA57BC /* CheckTests.NotEqual.swift */; };
		194275791F87AC0300574076 /* CheckTests.NotNil.swift in Sources */ = {isa = PBXBuildFile; fileRef = 19FDC1E31F86F7C500DA57BC /* CheckTests.NotNil.swift */; };
		1942757A1F87AC0300574076 /* CheckTests.NotSame.swift in Sources */ = {isa = PBXBuildFile; fileRef = 19FDC1E01F86F7C500DA57BC /* CheckTests.NotSame.swift */; };
		1942757B1F87AC0300574076 /* CheckTests.NotValid.swift in Sources */ = {isa = PBXBuildFile; fileRef = 19FDC1CC1F86F7C300DA57BC /* CheckTests.NotValid.swift */; };
		1942757C1F87AC0300574076 /* CheckTests.Same.swift in Sources */ = {isa = PBXBuildFile; fileRef = 19FDC1D11F86F7C300DA57BC /* CheckTests.Same.swift */; };
		1942757D1F87AC0300574076 /* CheckTests.Throws.swift in Sources */ = {isa = PBXBuildFile; fileRef = 19FDC1DF1F86F7C500DA57BC /* CheckTests.Throws.swift */; };
		1942757E1F87AC0300574076 /* CheckTests.ThrowsAny.swift in Sources */ = {isa = PBXBuildFile; fileRef = 19FDC1E51F86F7C600DA57BC /* CheckTests.ThrowsAny.swift */; };
		1942757F1F87AC0300574076 /* CheckTests.Valid.swift in Sources */ = {isa = PBXBuildFile; fileRef = 19FDC1E71F86F7C600DA57BC /* CheckTests.Valid.swift */; };
		194275811F87AC0A00574076 /* GuardTests.swift in Sources */ = {isa = PBXBuildFile; fileRef = 19FDC1631F86F09200DA57BC /* GuardTests.swift */; };
		194275821F87AC0A00574076 /* GuardTests.AllBlank.swift in Sources */ = {isa = PBXBuildFile; fileRef = 19FDC2421F86F83400DA57BC /* GuardTests.AllBlank.swift */; };
		194275831F87AC0A00574076 /* GuardTests.AllEmpty.swift in Sources */ = {isa = PBXBuildFile; fileRef = 19FDC22F1F86F83200DA57BC /* GuardTests.AllEmpty.swift */; };
		194275841F87AC0A00574076 /* GuardTests.AllNil.swift in Sources */ = {isa = PBXBuildFile; fileRef = 19FDC2401F86F83300DA57BC /* GuardTests.AllNil.swift */; };
		194275851F87AC0A00574076 /* GuardTests.AllNilOrNotValid.swift in Sources */ = {isa = PBXBuildFile; fileRef = 19FDC2381F86F83300DA57BC /* GuardTests.AllNilOrNotValid.swift */; };
		194275861F87AC0A00574076 /* GuardTests.AllNilOrValid.swift in Sources */ = {isa = PBXBuildFile; fileRef = 19FDC2431F86F83400DA57BC /* GuardTests.AllNilOrValid.swift */; };
		194275871F87AC0A00574076 /* GuardTests.AllNotBlank.swift in Sources */ = {isa = PBXBuildFile; fileRef = 19FDC23D1F86F83300DA57BC /* GuardTests.AllNotBlank.swift */; };
		194275881F87AC0A00574076 /* GuardTests.AllNotEmpty.swift in Sources */ = {isa = PBXBuildFile; fileRef = 19FDC2321F86F83200DA57BC /* GuardTests.AllNotEmpty.swift */; };
		194275891F87AC0A00574076 /* GuardTests.AllNotNil.swift in Sources */ = {isa = PBXBuildFile; fileRef = 19FDC2371F86F83200DA57BC /* GuardTests.AllNotNil.swift */; };
		1942758A1F87AC0A00574076 /* GuardTests.AllNotValid.swift in Sources */ = {isa = PBXBuildFile; fileRef = 19FDC2391F86F83300DA57BC /* GuardTests.AllNotValid.swift */; };
		1942758B1F87AC0A00574076 /* GuardTests.AllValid.swift in Sources */ = {isa = PBXBuildFile; fileRef = 19FDC24A1F86F83500DA57BC /* GuardTests.AllValid.swift */; };
		1942758C1F87AC0A00574076 /* GuardTests.Blank.swift in Sources */ = {isa = PBXBuildFile; fileRef = 19FDC2471F86F83400DA57BC /* GuardTests.Blank.swift */; };
		1942758D1F87AC0A00574076 /* GuardTests.Empty.swift in Sources */ = {isa = PBXBuildFile; fileRef = 19FDC23E1F86F83300DA57BC /* GuardTests.Empty.swift */; };
		1942758E1F87AC0A00574076 /* GuardTests.Equal.swift in Sources */ = {isa = PBXBuildFile; fileRef = 19FDC2441F86F83400DA57BC /* GuardTests.Equal.swift */; };
		1942758F1F87AC0A00574076 /* GuardTests.GreaterThan.swift in Sources */ = {isa = PBXBuildFile; fileRef = 19FDC2331F86F83200DA57BC /* GuardTests.GreaterThan.swift */; };
		194275901F87AC0A00574076 /* GuardTests.GreaterThanOrEqualTo.swift in Sources */ = {isa = PBXBuildFile; fileRef = 19FDC2481F86F83500DA57BC /* GuardTests.GreaterThanOrEqualTo.swift */; };
		194275911F87AC0A00574076 /* GuardTests.IsFalse.swift in Sources */ = {isa = PBXBuildFile; fileRef = 19FDC23B1F86F83300DA57BC /* GuardTests.IsFalse.swift */; };
		194275921F87AC0A00574076 /* GuardTests.IsNil.swift in Sources */ = {isa = PBXBuildFile; fileRef = 19FDC2311F86F83200DA57BC /* GuardTests.IsNil.swift */; };
		194275931F87AC0A00574076 /* GuardTests.IsTrue.swift in Sources */ = {isa = PBXBuildFile; fileRef = 19FDC23A1F86F83300DA57BC /* GuardTests.IsTrue.swift */; };
		194275941F87AC0A00574076 /* GuardTests.LessThan.swift in Sources */ = {isa = PBXBuildFile; fileRef = 19FDC23F1F86F83300DA57BC /* GuardTests.LessThan.swift */; };
		194275951F87AC0A00574076 /* GuardTests.LessThanOrEqualTo.swift in Sources */ = {isa = PBXBuildFile; fileRef = 19FDC2411F86F83400DA57BC /* GuardTests.LessThanOrEqualTo.swift */; };
		194275961F87AC0A00574076 /* GuardTests.NilOrNotValid.swift in Sources */ = {isa = PBXBuildFile; fileRef = 19FDC2461F86F83400DA57BC /* GuardTests.NilOrNotValid.swift */; };
		194275971F87AC0A00574076 /* GuardTests.NilOrValid.swift in Sources */ = {isa = PBXBuildFile; fileRef = 19FDC22E1F86F83200DA57BC /* GuardTests.NilOrValid.swift */; };
		194275981F87AC0A00574076 /* GuardTests.NotBlank.swift in Sources */ = {isa = PBXBuildFile; fileRef = 19FDC2361F86F83200DA57BC /* GuardTests.NotBlank.swift */; };
		194275991F87AC0A00574076 /* GuardTests.NotEmpty.swift in Sources */ = {isa = PBXBuildFile; fileRef = 19FDC24B1F86F83500DA57BC /* GuardTests.NotEmpty.swift */; };
		1942759A1F87AC0A00574076 /* GuardTests.NotEqual.swift in Sources */ = {isa = PBXBuildFile; fileRef = 19FDC23C1F86F83300DA57BC /* GuardTests.NotEqual.swift */; };
		1942759B1F87AC0A00574076 /* GuardTests.NotNil.swift in Sources */ = {isa = PBXBuildFile; fileRef = 19FDC24C1F86F83500DA57BC /* GuardTests.NotNil.swift */; };
		1942759C1F87AC0A00574076 /* GuardTests.NotSame.swift in Sources */ = {isa = PBXBuildFile; fileRef = 19FDC2351F86F83200DA57BC /* GuardTests.NotSame.swift */; };
		1942759D1F87AC0A00574076 /* GuardTests.NotValid.swift in Sources */ = {isa = PBXBuildFile; fileRef = 19FDC22D1F86F83200DA57BC /* GuardTests.NotValid.swift */; };
		1942759E1F87AC0A00574076 /* GuardTests.Same.swift in Sources */ = {isa = PBXBuildFile; fileRef = 19FDC2301F86F83200DA57BC /* GuardTests.Same.swift */; };
		1942759F1F87AC0A00574076 /* GuardTests.Throws.swift in Sources */ = {isa = PBXBuildFile; fileRef = 19FDC2341F86F83200DA57BC /* GuardTests.Throws.swift */; };
		194275A01F87AC0A00574076 /* GuardTests.ThrowsAny.swift in Sources */ = {isa = PBXBuildFile; fileRef = 19FDC2451F86F83400DA57BC /* GuardTests.ThrowsAny.swift */; };
		194275A11F87AC0A00574076 /* GuardTests.Valid.swift in Sources */ = {isa = PBXBuildFile; fileRef = 19FDC2491F86F83500DA57BC /* GuardTests.Valid.swift */; };
		194275A21F87AC0A00574076 /* SwiftCommons.Diagnostics.UnitTests.swift in Sources */ = {isa = PBXBuildFile; fileRef = 19EB0CCF1F72E1770029F302 /* SwiftCommons.Diagnostics.UnitTests.swift */; };
		1942760F1F87D6CF00574076 /* NotValidModel.swift in Sources */ = {isa = PBXBuildFile; fileRef = 194276071F87D6C200574076 /* NotValidModel.swift */; };
		194276101F87D6CF00574076 /* ParkingModel.swift in Sources */ = {isa = PBXBuildFile; fileRef = 194276081F87D6C200574076 /* ParkingModel.swift */; };
		194276111F87D6CF00574076 /* ValidModel.swift in Sources */ = {isa = PBXBuildFile; fileRef = 194276091F87D6C200574076 /* ValidModel.swift */; };
		194276121F87D6CF00574076 /* VehicleModel.swift in Sources */ = {isa = PBXBuildFile; fileRef = 1942760A1F87D6C200574076 /* VehicleModel.swift */; };
		1978C3151F8FD7A300A7A723 /* test_parking_model_with_one_non_valid_vehicle_in_array.json in Resources */ = {isa = PBXBuildFile; fileRef = 194276141F87D70F00574076 /* test_parking_model_with_one_non_valid_vehicle_in_array.json */; };
		1978C3161F8FD7A400A7A723 /* test_parking_model_with_valid_vehicles_in_array.json in Resources */ = {isa = PBXBuildFile; fileRef = 194276151F87D70F00574076 /* test_parking_model_with_valid_vehicles_in_array.json */; };
		345AB3175DE5026155CD4150 /* Pods_SwiftCommons_Diagnostics_UnitTests.framework in Frameworks */ = {isa = PBXBuildFile; fileRef = A188E4D8AF6256439212FE43 /* Pods_SwiftCommons_Diagnostics_UnitTests.framework */; };
/* End PBXBuildFile section */

/* Begin PBXFileReference section */
		193AC5291FCCCDFE00017493 /* SwiftCommonsData.framework */ = {isa = PBXFileReference; explicitFileType = wrapper.framework; path = SwiftCommonsData.framework; sourceTree = BUILT_PRODUCTS_DIR; };
		193AC52D1FCCD23400017493 /* SwiftCommons.Diagnostics.UnitTests.xcconfig */ = {isa = PBXFileReference; fileEncoding = 4; lastKnownFileType = text.xcconfig; path = SwiftCommons.Diagnostics.UnitTests.xcconfig; sourceTree = "<group>"; };
		194276071F87D6C200574076 /* NotValidModel.swift */ = {isa = PBXFileReference; fileEncoding = 4; lastKnownFileType = sourcecode.swift; path = NotValidModel.swift; sourceTree = "<group>"; };
		194276081F87D6C200574076 /* ParkingModel.swift */ = {isa = PBXFileReference; fileEncoding = 4; lastKnownFileType = sourcecode.swift; path = ParkingModel.swift; sourceTree = "<group>"; };
		194276091F87D6C200574076 /* ValidModel.swift */ = {isa = PBXFileReference; fileEncoding = 4; lastKnownFileType = sourcecode.swift; path = ValidModel.swift; sourceTree = "<group>"; };
		1942760A1F87D6C200574076 /* VehicleModel.swift */ = {isa = PBXFileReference; fileEncoding = 4; lastKnownFileType = sourcecode.swift; path = VehicleModel.swift; sourceTree = "<group>"; };
		194276141F87D70F00574076 /* test_parking_model_with_one_non_valid_vehicle_in_array.json */ = {isa = PBXFileReference; fileEncoding = 4; lastKnownFileType = text.json; path = test_parking_model_with_one_non_valid_vehicle_in_array.json; sourceTree = "<group>"; };
		194276151F87D70F00574076 /* test_parking_model_with_valid_vehicles_in_array.json */ = {isa = PBXFileReference; fileEncoding = 4; lastKnownFileType = text.json; path = test_parking_model_with_valid_vehicles_in_array.json; sourceTree = "<group>"; };
		195D394F1F72CE4900118D17 /* SwiftCommonsDiagnostics.UnitTests.xctest */ = {isa = PBXFileReference; explicitFileType = wrapper.cfbundle; includeInIndex = 0; path = SwiftCommonsDiagnostics.UnitTests.xctest; sourceTree = BUILT_PRODUCTS_DIR; };
		19EB0CA71F72DF640029F302 /* Info.plist */ = {isa = PBXFileReference; lastKnownFileType = text.plist.xml; path = Info.plist; sourceTree = "<group>"; };
		19EB0CCF1F72E1770029F302 /* SwiftCommons.Diagnostics.UnitTests.swift */ = {isa = PBXFileReference; lastKnownFileType = sourcecode.swift; path = SwiftCommons.Diagnostics.UnitTests.swift; sourceTree = "<group>"; };
		19FDC1631F86F09200DA57BC /* GuardTests.swift */ = {isa = PBXFileReference; lastKnownFileType = sourcecode.swift; path = GuardTests.swift; sourceTree = "<group>"; };
		19FDC1851F86F09200DA57BC /* CheckTests.swift */ = {isa = PBXFileReference; lastKnownFileType = sourcecode.swift; path = CheckTests.swift; sourceTree = "<group>"; };
		19FDC1CC1F86F7C300DA57BC /* CheckTests.NotValid.swift */ = {isa = PBXFileReference; fileEncoding = 4; lastKnownFileType = sourcecode.swift; path = CheckTests.NotValid.swift; sourceTree = "<group>"; };
		19FDC1CD1F86F7C300DA57BC /* CheckTests.AllNotNil.swift */ = {isa = PBXFileReference; fileEncoding = 4; lastKnownFileType = sourcecode.swift; path = CheckTests.AllNotNil.swift; sourceTree = "<group>"; };
		19FDC1CE1F86F7C300DA57BC /* CheckTests.AllBlank.swift */ = {isa = PBXFileReference; fileEncoding = 4; lastKnownFileType = sourcecode.swift; path = CheckTests.AllBlank.swift; sourceTree = "<group>"; };
		19FDC1CF1F86F7C300DA57BC /* CheckTests.IsFalse.swift */ = {isa = PBXFileReference; fileEncoding = 4; lastKnownFileType = sourcecode.swift; path = CheckTests.IsFalse.swift; sourceTree = "<group>"; };
		19FDC1D01F86F7C300DA57BC /* CheckTests.LessThanOrEqualTo.swift */ = {isa = PBXFileReference; fileEncoding = 4; lastKnownFileType = sourcecode.swift; path = CheckTests.LessThanOrEqualTo.swift; sourceTree = "<group>"; };
		19FDC1D11F86F7C300DA57BC /* CheckTests.Same.swift */ = {isa = PBXFileReference; fileEncoding = 4; lastKnownFileType = sourcecode.swift; path = CheckTests.Same.swift; sourceTree = "<group>"; };
		19FDC1D21F86F7C300DA57BC /* CheckTests.NilOrValid.swift */ = {isa = PBXFileReference; fileEncoding = 4; lastKnownFileType = sourcecode.swift; path = CheckTests.NilOrValid.swift; sourceTree = "<group>"; };
		19FDC1D31F86F7C400DA57BC /* CheckTests.NotEqual.swift */ = {isa = PBXFileReference; fileEncoding = 4; lastKnownFileType = sourcecode.swift; path = CheckTests.NotEqual.swift; sourceTree = "<group>"; };
		19FDC1D41F86F7C400DA57BC /* CheckTests.LessThan.swift */ = {isa = PBXFileReference; fileEncoding = 4; lastKnownFileType = sourcecode.swift; path = CheckTests.LessThan.swift; sourceTree = "<group>"; };
		19FDC1D51F86F7C400DA57BC /* CheckTests.AllNilOrValid.swift */ = {isa = PBXFileReference; fileEncoding = 4; lastKnownFileType = sourcecode.swift; path = CheckTests.AllNilOrValid.swift; sourceTree = "<group>"; };
		19FDC1D61F86F7C400DA57BC /* CheckTests.NotBlank.swift */ = {isa = PBXFileReference; fileEncoding = 4; lastKnownFileType = sourcecode.swift; path = CheckTests.NotBlank.swift; sourceTree = "<group>"; };
		19FDC1D71F86F7C400DA57BC /* CheckTests.AllNilOrNotValid.swift */ = {isa = PBXFileReference; fileEncoding = 4; lastKnownFileType = sourcecode.swift; path = CheckTests.AllNilOrNotValid.swift; sourceTree = "<group>"; };
		19FDC1D81F86F7C400DA57BC /* CheckTests.AllNotEmpty.swift */ = {isa = PBXFileReference; fileEncoding = 4; lastKnownFileType = sourcecode.swift; path = CheckTests.AllNotEmpty.swift; sourceTree = "<group>"; };
		19FDC1D91F86F7C400DA57BC /* CheckTests.AllValid.swift */ = {isa = PBXFileReference; fileEncoding = 4; lastKnownFileType = sourcecode.swift; path = CheckTests.AllValid.swift; sourceTree = "<group>"; };
		19FDC1DA1F86F7C400DA57BC /* CheckTests.NilOrNotValid.swift */ = {isa = PBXFileReference; fileEncoding = 4; lastKnownFileType = sourcecode.swift; path = CheckTests.NilOrNotValid.swift; sourceTree = "<group>"; };
		19FDC1DB1F86F7C400DA57BC /* CheckTests.Equal.swift */ = {isa = PBXFileReference; fileEncoding = 4; lastKnownFileType = sourcecode.swift; path = CheckTests.Equal.swift; sourceTree = "<group>"; };
		19FDC1DC1F86F7C500DA57BC /* CheckTests.GreaterThan.swift */ = {isa = PBXFileReference; fileEncoding = 4; lastKnownFileType = sourcecode.swift; path = CheckTests.GreaterThan.swift; sourceTree = "<group>"; };
		19FDC1DD1F86F7C500DA57BC /* CheckTests.NotEmpty.swift */ = {isa = PBXFileReference; fileEncoding = 4; lastKnownFileType = sourcecode.swift; path = CheckTests.NotEmpty.swift; sourceTree = "<group>"; };
		19FDC1DE1F86F7C500DA57BC /* CheckTests.Blank.swift */ = {isa = PBXFileReference; fileEncoding = 4; lastKnownFileType = sourcecode.swift; path = CheckTests.Blank.swift; sourceTree = "<group>"; };
		19FDC1DF1F86F7C500DA57BC /* CheckTests.Throws.swift */ = {isa = PBXFileReference; fileEncoding = 4; lastKnownFileType = sourcecode.swift; path = CheckTests.Throws.swift; sourceTree = "<group>"; };
		19FDC1E01F86F7C500DA57BC /* CheckTests.NotSame.swift */ = {isa = PBXFileReference; fileEncoding = 4; lastKnownFileType = sourcecode.swift; path = CheckTests.NotSame.swift; sourceTree = "<group>"; };
		19FDC1E11F86F7C500DA57BC /* CheckTests.IsNil.swift */ = {isa = PBXFileReference; fileEncoding = 4; lastKnownFileType = sourcecode.swift; path = CheckTests.IsNil.swift; sourceTree = "<group>"; };
		19FDC1E21F86F7C500DA57BC /* CheckTests.AllNotValid.swift */ = {isa = PBXFileReference; fileEncoding = 4; lastKnownFileType = sourcecode.swift; path = CheckTests.AllNotValid.swift; sourceTree = "<group>"; };
		19FDC1E31F86F7C500DA57BC /* CheckTests.NotNil.swift */ = {isa = PBXFileReference; fileEncoding = 4; lastKnownFileType = sourcecode.swift; path = CheckTests.NotNil.swift; sourceTree = "<group>"; };
		19FDC1E41F86F7C600DA57BC /* CheckTests.IsTrue.swift */ = {isa = PBXFileReference; fileEncoding = 4; lastKnownFileType = sourcecode.swift; path = CheckTests.IsTrue.swift; sourceTree = "<group>"; };
		19FDC1E51F86F7C600DA57BC /* CheckTests.ThrowsAny.swift */ = {isa = PBXFileReference; fileEncoding = 4; lastKnownFileType = sourcecode.swift; path = CheckTests.ThrowsAny.swift; sourceTree = "<group>"; };
		19FDC1E61F86F7C600DA57BC /* CheckTests.Empty.swift */ = {isa = PBXFileReference; fileEncoding = 4; lastKnownFileType = sourcecode.swift; path = CheckTests.Empty.swift; sourceTree = "<group>"; };
		19FDC1E71F86F7C600DA57BC /* CheckTests.Valid.swift */ = {isa = PBXFileReference; fileEncoding = 4; lastKnownFileType = sourcecode.swift; path = CheckTests.Valid.swift; sourceTree = "<group>"; };
		19FDC1E81F86F7C600DA57BC /* CheckTests.GreaterThanOrEqualTo.swift */ = {isa = PBXFileReference; fileEncoding = 4; lastKnownFileType = sourcecode.swift; path = CheckTests.GreaterThanOrEqualTo.swift; sourceTree = "<group>"; };
		19FDC1E91F86F7C600DA57BC /* CheckTests.AllNil.swift */ = {isa = PBXFileReference; fileEncoding = 4; lastKnownFileType = sourcecode.swift; path = CheckTests.AllNil.swift; sourceTree = "<group>"; };
		19FDC1EA1F86F7C700DA57BC /* CheckTests.AllNotBlank.swift */ = {isa = PBXFileReference; fileEncoding = 4; lastKnownFileType = sourcecode.swift; path = CheckTests.AllNotBlank.swift; sourceTree = "<group>"; };
		19FDC1EB1F86F7C700DA57BC /* CheckTests.AllEmpty.swift */ = {isa = PBXFileReference; fileEncoding = 4; lastKnownFileType = sourcecode.swift; path = CheckTests.AllEmpty.swift; sourceTree = "<group>"; };
		19FDC22D1F86F83200DA57BC /* GuardTests.NotValid.swift */ = {isa = PBXFileReference; fileEncoding = 4; lastKnownFileType = sourcecode.swift; path = GuardTests.NotValid.swift; sourceTree = "<group>"; };
		19FDC22E1F86F83200DA57BC /* GuardTests.NilOrValid.swift */ = {isa = PBXFileReference; fileEncoding = 4; lastKnownFileType = sourcecode.swift; path = GuardTests.NilOrValid.swift; sourceTree = "<group>"; };
		19FDC22F1F86F83200DA57BC /* GuardTests.AllEmpty.swift */ = {isa = PBXFileReference; fileEncoding = 4; lastKnownFileType = sourcecode.swift; path = GuardTests.AllEmpty.swift; sourceTree = "<group>"; };
		19FDC2301F86F83200DA57BC /* GuardTests.Same.swift */ = {isa = PBXFileReference; fileEncoding = 4; lastKnownFileType = sourcecode.swift; path = GuardTests.Same.swift; sourceTree = "<group>"; };
		19FDC2311F86F83200DA57BC /* GuardTests.IsNil.swift */ = {isa = PBXFileReference; fileEncoding = 4; lastKnownFileType = sourcecode.swift; path = GuardTests.IsNil.swift; sourceTree = "<group>"; };
		19FDC2321F86F83200DA57BC /* GuardTests.AllNotEmpty.swift */ = {isa = PBXFileReference; fileEncoding = 4; lastKnownFileType = sourcecode.swift; path = GuardTests.AllNotEmpty.swift; sourceTree = "<group>"; };
		19FDC2331F86F83200DA57BC /* GuardTests.GreaterThan.swift */ = {isa = PBXFileReference; fileEncoding = 4; lastKnownFileType = sourcecode.swift; path = GuardTests.GreaterThan.swift; sourceTree = "<group>"; };
		19FDC2341F86F83200DA57BC /* GuardTests.Throws.swift */ = {isa = PBXFileReference; fileEncoding = 4; lastKnownFileType = sourcecode.swift; path = GuardTests.Throws.swift; sourceTree = "<group>"; };
		19FDC2351F86F83200DA57BC /* GuardTests.NotSame.swift */ = {isa = PBXFileReference; fileEncoding = 4; lastKnownFileType = sourcecode.swift; path = GuardTests.NotSame.swift; sourceTree = "<group>"; };
		19FDC2361F86F83200DA57BC /* GuardTests.NotBlank.swift */ = {isa = PBXFileReference; fileEncoding = 4; lastKnownFileType = sourcecode.swift; path = GuardTests.NotBlank.swift; sourceTree = "<group>"; };
		19FDC2371F86F83200DA57BC /* GuardTests.AllNotNil.swift */ = {isa = PBXFileReference; fileEncoding = 4; lastKnownFileType = sourcecode.swift; path = GuardTests.AllNotNil.swift; sourceTree = "<group>"; };
		19FDC2381F86F83300DA57BC /* GuardTests.AllNilOrNotValid.swift */ = {isa = PBXFileReference; fileEncoding = 4; lastKnownFileType = sourcecode.swift; path = GuardTests.AllNilOrNotValid.swift; sourceTree = "<group>"; };
		19FDC2391F86F83300DA57BC /* GuardTests.AllNotValid.swift */ = {isa = PBXFileReference; fileEncoding = 4; lastKnownFileType = sourcecode.swift; path = GuardTests.AllNotValid.swift; sourceTree = "<group>"; };
		19FDC23A1F86F83300DA57BC /* GuardTests.IsTrue.swift */ = {isa = PBXFileReference; fileEncoding = 4; lastKnownFileType = sourcecode.swift; path = GuardTests.IsTrue.swift; sourceTree = "<group>"; };
		19FDC23B1F86F83300DA57BC /* GuardTests.IsFalse.swift */ = {isa = PBXFileReference; fileEncoding = 4; lastKnownFileType = sourcecode.swift; path = GuardTests.IsFalse.swift; sourceTree = "<group>"; };
		19FDC23C1F86F83300DA57BC /* GuardTests.NotEqual.swift */ = {isa = PBXFileReference; fileEncoding = 4; lastKnownFileType = sourcecode.swift; path = GuardTests.NotEqual.swift; sourceTree = "<group>"; };
		19FDC23D1F86F83300DA57BC /* GuardTests.AllNotBlank.swift */ = {isa = PBXFileReference; fileEncoding = 4; lastKnownFileType = sourcecode.swift; path = GuardTests.AllNotBlank.swift; sourceTree = "<group>"; };
		19FDC23E1F86F83300DA57BC /* GuardTests.Empty.swift */ = {isa = PBXFileReference; fileEncoding = 4; lastKnownFileType = sourcecode.swift; path = GuardTests.Empty.swift; sourceTree = "<group>"; };
		19FDC23F1F86F83300DA57BC /* GuardTests.LessThan.swift */ = {isa = PBXFileReference; fileEncoding = 4; lastKnownFileType = sourcecode.swift; path = GuardTests.LessThan.swift; sourceTree = "<group>"; };
		19FDC2401F86F83300DA57BC /* GuardTests.AllNil.swift */ = {isa = PBXFileReference; fileEncoding = 4; lastKnownFileType = sourcecode.swift; path = GuardTests.AllNil.swift; sourceTree = "<group>"; };
		19FDC2411F86F83400DA57BC /* GuardTests.LessThanOrEqualTo.swift */ = {isa = PBXFileReference; fileEncoding = 4; lastKnownFileType = sourcecode.swift; path = GuardTests.LessThanOrEqualTo.swift; sourceTree = "<group>"; };
		19FDC2421F86F83400DA57BC /* GuardTests.AllBlank.swift */ = {isa = PBXFileReference; fileEncoding = 4; lastKnownFileType = sourcecode.swift; path = GuardTests.AllBlank.swift; sourceTree = "<group>"; };
		19FDC2431F86F83400DA57BC /* GuardTests.AllNilOrValid.swift */ = {isa = PBXFileReference; fileEncoding = 4; lastKnownFileType = sourcecode.swift; path = GuardTests.AllNilOrValid.swift; sourceTree = "<group>"; };
		19FDC2441F86F83400DA57BC /* GuardTests.Equal.swift */ = {isa = PBXFileReference; fileEncoding = 4; lastKnownFileType = sourcecode.swift; path = GuardTests.Equal.swift; sourceTree = "<group>"; };
		19FDC2451F86F83400DA57BC /* GuardTests.ThrowsAny.swift */ = {isa = PBXFileReference; fileEncoding = 4; lastKnownFileType = sourcecode.swift; path = GuardTests.ThrowsAny.swift; sourceTree = "<group>"; };
		19FDC2461F86F83400DA57BC /* GuardTests.NilOrNotValid.swift */ = {isa = PBXFileReference; fileEncoding = 4; lastKnownFileType = sourcecode.swift; path = GuardTests.NilOrNotValid.swift; sourceTree = "<group>"; };
		19FDC2471F86F83400DA57BC /* GuardTests.Blank.swift */ = {isa = PBXFileReference; fileEncoding = 4; lastKnownFileType = sourcecode.swift; path = GuardTests.Blank.swift; sourceTree = "<group>"; };
		19FDC2481F86F83500DA57BC /* GuardTests.GreaterThanOrEqualTo.swift */ = {isa = PBXFileReference; fileEncoding = 4; lastKnownFileType = sourcecode.swift; path = GuardTests.GreaterThanOrEqualTo.swift; sourceTree = "<group>"; };
		19FDC2491F86F83500DA57BC /* GuardTests.Valid.swift */ = {isa = PBXFileReference; fileEncoding = 4; lastKnownFileType = sourcecode.swift; path = GuardTests.Valid.swift; sourceTree = "<group>"; };
		19FDC24A1F86F83500DA57BC /* GuardTests.AllValid.swift */ = {isa = PBXFileReference; fileEncoding = 4; lastKnownFileType = sourcecode.swift; path = GuardTests.AllValid.swift; sourceTree = "<group>"; };
		19FDC24B1F86F83500DA57BC /* GuardTests.NotEmpty.swift */ = {isa = PBXFileReference; fileEncoding = 4; lastKnownFileType = sourcecode.swift; path = GuardTests.NotEmpty.swift; sourceTree = "<group>"; };
		19FDC24C1F86F83500DA57BC /* GuardTests.NotNil.swift */ = {isa = PBXFileReference; fileEncoding = 4; lastKnownFileType = sourcecode.swift; path = GuardTests.NotNil.swift; sourceTree = "<group>"; };
		2E3FEEE925ABBE68E6AE0308 /* Pods-SwiftCommons.Diagnostics.UnitTests.debug.xcconfig */ = {isa = PBXFileReference; includeInIndex = 1; lastKnownFileType = text.xcconfig; name = "Pods-SwiftCommons.Diagnostics.UnitTests.debug.xcconfig"; path = "../../../CocoaPods/Pods/Target Support Files/Pods-SwiftCommons.Diagnostics.UnitTests/Pods-SwiftCommons.Diagnostics.UnitTests.debug.xcconfig"; sourceTree = "<group>"; };
		9470D933D4C8F5F95213E89A /* Pods-SwiftCommons.Diagnostics.UnitTests.release.xcconfig */ = {isa = PBXFileReference; includeInIndex = 1; lastKnownFileType = text.xcconfig; name = "Pods-SwiftCommons.Diagnostics.UnitTests.release.xcconfig"; path = "../../../CocoaPods/Pods/Target Support Files/Pods-SwiftCommons.Diagnostics.UnitTests/Pods-SwiftCommons.Diagnostics.UnitTests.release.xcconfig"; sourceTree = "<group>"; };
		A188E4D8AF6256439212FE43 /* Pods_SwiftCommons_Diagnostics_UnitTests.framework */ = {isa = PBXFileReference; explicitFileType = wrapper.framework; includeInIndex = 0; path = Pods_SwiftCommons_Diagnostics_UnitTests.framework; sourceTree = BUILT_PRODUCTS_DIR; };
/* End PBXFileReference section */

/* Begin PBXFrameworksBuildPhase section */
		195D394C1F72CE4900118D17 /* Frameworks */ = {
			isa = PBXFrameworksBuildPhase;
			buildActionMask = 2147483647;
			files = (
				193AC5281FCCCDFE00017493 /* SwiftCommonsData.framework in Frameworks */,
				345AB3175DE5026155CD4150 /* Pods_SwiftCommons_Diagnostics_UnitTests.framework in Frameworks */,
			);
			runOnlyForDeploymentPostprocessing = 0;
		};
/* End PBXFrameworksBuildPhase section */

/* Begin PBXGroup section */
		193AC5251FCCCCBD00017493 /* Frameworks */ = {
			isa = PBXGroup;
			children = (
				193AC5291FCCCDFE00017493 /* SwiftCommonsData.framework */,
				A188E4D8AF6256439212FE43 /* Pods_SwiftCommons_Diagnostics_UnitTests.framework */,
			);
			name = Frameworks;
			sourceTree = "<group>";
		};
		193AC52C1FCCD23400017493 /* Configuration */ = {
			isa = PBXGroup;
			children = (
				193AC52D1FCCD23400017493 /* SwiftCommons.Diagnostics.UnitTests.xcconfig */,
				19EB0CA71F72DF640029F302 /* Info.plist */,
			);
			path = Configuration;
			sourceTree = "<group>";
		};
		194276051F87D68F00574076 /* Diagnostics */ = {
			isa = PBXGroup;
			children = (
				19FDC1681F86F09200DA57BC /* Check */,
				19FDC1461F86F09200DA57BC /* Guard */,
			);
			path = Diagnostics;
			sourceTree = "<group>";
		};
		194276061F87D6C200574076 /* Models */ = {
			isa = PBXGroup;
			children = (
				194276071F87D6C200574076 /* NotValidModel.swift */,
				194276081F87D6C200574076 /* ParkingModel.swift */,
				194276091F87D6C200574076 /* ValidModel.swift */,
				1942760A1F87D6C200574076 /* VehicleModel.swift */,
			);
			path = Models;
			sourceTree = "<group>";
		};
		19C0171B1F72CC3A00D29F73 = {
			isa = PBXGroup;
			children = (
				19EB0CA81F72DF640029F302 /* Sources */,
				193AC52C1FCCD23400017493 /* Configuration */,
				19EB0CA41F72DF640029F302 /* Fixtures */,
				19C017251F72CC3A00D29F73 /* Products */,
				193AC5251FCCCCBD00017493 /* Frameworks */,
				1B229613B2DC7CB798640435 /* Pods */,
			);
			sourceTree = "<group>";
		};
		19C017251F72CC3A00D29F73 /* Products */ = {
			isa = PBXGroup;
			children = (
				195D394F1F72CE4900118D17 /* SwiftCommonsDiagnostics.UnitTests.xctest */,
			);
			name = Products;
			sourceTree = "<group>";
		};
		19EB0CA41F72DF640029F302 /* Fixtures */ = {
			isa = PBXGroup;
			children = (
				194276141F87D70F00574076 /* test_parking_model_with_one_non_valid_vehicle_in_array.json */,
				194276151F87D70F00574076 /* test_parking_model_with_valid_vehicles_in_array.json */,
			);
			path = Fixtures;
			sourceTree = "<group>";
		};
		19EB0CA81F72DF640029F302 /* Sources */ = {
			isa = PBXGroup;
			children = (
				194276051F87D68F00574076 /* Diagnostics */,
				194276061F87D6C200574076 /* Models */,
				19EB0CCF1F72E1770029F302 /* SwiftCommons.Diagnostics.UnitTests.swift */,
			);
			path = Sources;
			sourceTree = "<group>";
		};
		19FDC1461F86F09200DA57BC /* Guard */ = {
			isa = PBXGroup;
			children = (
				19FDC1631F86F09200DA57BC /* GuardTests.swift */,
				19FDC2421F86F83400DA57BC /* GuardTests.AllBlank.swift */,
				19FDC22F1F86F83200DA57BC /* GuardTests.AllEmpty.swift */,
				19FDC2401F86F83300DA57BC /* GuardTests.AllNil.swift */,
				19FDC2381F86F83300DA57BC /* GuardTests.AllNilOrNotValid.swift */,
				19FDC2431F86F83400DA57BC /* GuardTests.AllNilOrValid.swift */,
				19FDC23D1F86F83300DA57BC /* GuardTests.AllNotBlank.swift */,
				19FDC2321F86F83200DA57BC /* GuardTests.AllNotEmpty.swift */,
				19FDC2371F86F83200DA57BC /* GuardTests.AllNotNil.swift */,
				19FDC2391F86F83300DA57BC /* GuardTests.AllNotValid.swift */,
				19FDC24A1F86F83500DA57BC /* GuardTests.AllValid.swift */,
				19FDC2471F86F83400DA57BC /* GuardTests.Blank.swift */,
				19FDC23E1F86F83300DA57BC /* GuardTests.Empty.swift */,
				19FDC2441F86F83400DA57BC /* GuardTests.Equal.swift */,
				19FDC2331F86F83200DA57BC /* GuardTests.GreaterThan.swift */,
				19FDC2481F86F83500DA57BC /* GuardTests.GreaterThanOrEqualTo.swift */,
				19FDC23B1F86F83300DA57BC /* GuardTests.IsFalse.swift */,
				19FDC2311F86F83200DA57BC /* GuardTests.IsNil.swift */,
				19FDC23A1F86F83300DA57BC /* GuardTests.IsTrue.swift */,
				19FDC23F1F86F83300DA57BC /* GuardTests.LessThan.swift */,
				19FDC2411F86F83400DA57BC /* GuardTests.LessThanOrEqualTo.swift */,
				19FDC2461F86F83400DA57BC /* GuardTests.NilOrNotValid.swift */,
				19FDC22E1F86F83200DA57BC /* GuardTests.NilOrValid.swift */,
				19FDC2361F86F83200DA57BC /* GuardTests.NotBlank.swift */,
				19FDC24B1F86F83500DA57BC /* GuardTests.NotEmpty.swift */,
				19FDC23C1F86F83300DA57BC /* GuardTests.NotEqual.swift */,
				19FDC24C1F86F83500DA57BC /* GuardTests.NotNil.swift */,
				19FDC2351F86F83200DA57BC /* GuardTests.NotSame.swift */,
				19FDC22D1F86F83200DA57BC /* GuardTests.NotValid.swift */,
				19FDC2301F86F83200DA57BC /* GuardTests.Same.swift */,
				19FDC2341F86F83200DA57BC /* GuardTests.Throws.swift */,
				19FDC2451F86F83400DA57BC /* GuardTests.ThrowsAny.swift */,
				19FDC2491F86F83500DA57BC /* GuardTests.Valid.swift */,
			);
			path = Guard;
			sourceTree = "<group>";
		};
		19FDC1681F86F09200DA57BC /* Check */ = {
			isa = PBXGroup;
			children = (
				19FDC1851F86F09200DA57BC /* CheckTests.swift */,
				19FDC1CE1F86F7C300DA57BC /* CheckTests.AllBlank.swift */,
				19FDC1EB1F86F7C700DA57BC /* CheckTests.AllEmpty.swift */,
				19FDC1E91F86F7C600DA57BC /* CheckTests.AllNil.swift */,
				19FDC1D71F86F7C400DA57BC /* CheckTests.AllNilOrNotValid.swift */,
				19FDC1D51F86F7C400DA57BC /* CheckTests.AllNilOrValid.swift */,
				19FDC1EA1F86F7C700DA57BC /* CheckTests.AllNotBlank.swift */,
				19FDC1D81F86F7C400DA57BC /* CheckTests.AllNotEmpty.swift */,
				19FDC1CD1F86F7C300DA57BC /* CheckTests.AllNotNil.swift */,
				19FDC1E21F86F7C500DA57BC /* CheckTests.AllNotValid.swift */,
				19FDC1D91F86F7C400DA57BC /* CheckTests.AllValid.swift */,
				19FDC1DE1F86F7C500DA57BC /* CheckTests.Blank.swift */,
				19FDC1E61F86F7C600DA57BC /* CheckTests.Empty.swift */,
				19FDC1DB1F86F7C400DA57BC /* CheckTests.Equal.swift */,
				19FDC1DC1F86F7C500DA57BC /* CheckTests.GreaterThan.swift */,
				19FDC1E81F86F7C600DA57BC /* CheckTests.GreaterThanOrEqualTo.swift */,
				19FDC1CF1F86F7C300DA57BC /* CheckTests.IsFalse.swift */,
				19FDC1E11F86F7C500DA57BC /* CheckTests.IsNil.swift */,
				19FDC1E41F86F7C600DA57BC /* CheckTests.IsTrue.swift */,
				19FDC1D41F86F7C400DA57BC /* CheckTests.LessThan.swift */,
				19FDC1D01F86F7C300DA57BC /* CheckTests.LessThanOrEqualTo.swift */,
				19FDC1DA1F86F7C400DA57BC /* CheckTests.NilOrNotValid.swift */,
				19FDC1D21F86F7C300DA57BC /* CheckTests.NilOrValid.swift */,
				19FDC1D61F86F7C400DA57BC /* CheckTests.NotBlank.swift */,
				19FDC1DD1F86F7C500DA57BC /* CheckTests.NotEmpty.swift */,
				19FDC1D31F86F7C400DA57BC /* CheckTests.NotEqual.swift */,
				19FDC1E31F86F7C500DA57BC /* CheckTests.NotNil.swift */,
				19FDC1E01F86F7C500DA57BC /* CheckTests.NotSame.swift */,
				19FDC1CC1F86F7C300DA57BC /* CheckTests.NotValid.swift */,
				19FDC1D11F86F7C300DA57BC /* CheckTests.Same.swift */,
				19FDC1DF1F86F7C500DA57BC /* CheckTests.Throws.swift */,
				19FDC1E51F86F7C600DA57BC /* CheckTests.ThrowsAny.swift */,
				19FDC1E71F86F7C600DA57BC /* CheckTests.Valid.swift */,
			);
			path = Check;
			sourceTree = "<group>";
		};
		1B229613B2DC7CB798640435 /* Pods */ = {
			isa = PBXGroup;
			children = (
				2E3FEEE925ABBE68E6AE0308 /* Pods-SwiftCommons.Diagnostics.UnitTests.debug.xcconfig */,
				9470D933D4C8F5F95213E89A /* Pods-SwiftCommons.Diagnostics.UnitTests.release.xcconfig */,
			);
			name = Pods;
			sourceTree = "<group>";
		};
/* End PBXGroup section */

/* Begin PBXNativeTarget section */
		195D394E1F72CE4900118D17 /* SwiftCommons.Diagnostics.UnitTests */ = {
			isa = PBXNativeTarget;
			buildConfigurationList = 195D39571F72CE4900118D17 /* Build configuration list for PBXNativeTarget "SwiftCommons.Diagnostics.UnitTests" */;
			buildPhases = (
				F5E59044F5872B026F96155D /* [CP] Check Pods Manifest.lock */,
				195D394B1F72CE4900118D17 /* Sources */,
				195D394C1F72CE4900118D17 /* Frameworks */,
				195D394D1F72CE4900118D17 /* Resources */,
				FD75195758BD9CBB2EB535BA /* [CP] Embed Pods Frameworks */,
				9E6876FF6735047846E89913 /* [CP] Copy Pods Resources */,
			);
			buildRules = (
			);
			dependencies = (
			);
			name = SwiftCommons.Diagnostics.UnitTests;
			productName = SwiftCommons.Diagnostics.UnitTests;
			productReference = 195D394F1F72CE4900118D17 /* SwiftCommonsDiagnostics.UnitTests.xctest */;
			productType = "com.apple.product-type.bundle.unit-test";
		};
/* End PBXNativeTarget section */

/* Begin PBXProject section */
		19C0171C1F72CC3A00D29F73 /* Project object */ = {
			isa = PBXProject;
			attributes = {
				LastSwiftUpdateCheck = 0900;
				LastUpgradeCheck = 0910;
				ORGANIZATIONNAME = "Roxie Mobile Ltd.";
				TargetAttributes = {
					195D394E1F72CE4900118D17 = {
						CreatedOnToolsVersion = 9.0;
						ProvisioningStyle = Automatic;
					};
				};
			};
			buildConfigurationList = 19C0171F1F72CC3A00D29F73 /* Build configuration list for PBXProject "SwiftCommons.Diagnostics.UnitTests" */;
			compatibilityVersion = "Xcode 8.0";
			developmentRegion = en;
			hasScannedForEncodings = 0;
			knownRegions = (
				en,
			);
			mainGroup = 19C0171B1F72CC3A00D29F73;
			productRefGroup = 19C017251F72CC3A00D29F73 /* Products */;
			projectDirPath = "";
			projectRoot = "";
			targets = (
				195D394E1F72CE4900118D17 /* SwiftCommons.Diagnostics.UnitTests */,
			);
		};
/* End PBXProject section */

/* Begin PBXResourcesBuildPhase section */
		195D394D1F72CE4900118D17 /* Resources */ = {
			isa = PBXResourcesBuildPhase;
			buildActionMask = 2147483647;
			files = (
				1978C3151F8FD7A300A7A723 /* test_parking_model_with_one_non_valid_vehicle_in_array.json in Resources */,
				1978C3161F8FD7A400A7A723 /* test_parking_model_with_valid_vehicles_in_array.json in Resources */,
			);
			runOnlyForDeploymentPostprocessing = 0;
		};
/* End PBXResourcesBuildPhase section */

/* Begin PBXShellScriptBuildPhase section */
		9E6876FF6735047846E89913 /* [CP] Copy Pods Resources */ = {
			isa = PBXShellScriptBuildPhase;
			buildActionMask = 2147483647;
			files = (
			);
			inputPaths = (
			);
			name = "[CP] Copy Pods Resources";
			outputPaths = (
			);
			runOnlyForDeploymentPostprocessing = 0;
			shellPath = /bin/sh;
			shellScript = "\"${SRCROOT}/../../../CocoaPods/Pods/Target Support Files/Pods-SwiftCommons.Diagnostics.UnitTests/Pods-SwiftCommons.Diagnostics.UnitTests-resources.sh\"\n";
			showEnvVarsInLog = 0;
		};
		F5E59044F5872B026F96155D /* [CP] Check Pods Manifest.lock */ = {
			isa = PBXShellScriptBuildPhase;
			buildActionMask = 2147483647;
			files = (
			);
			inputPaths = (
				"${PODS_PODFILE_DIR_PATH}/Podfile.lock",
				"${PODS_ROOT}/Manifest.lock",
			);
			name = "[CP] Check Pods Manifest.lock";
			outputPaths = (
				"$(DERIVED_FILE_DIR)/Pods-SwiftCommons.Diagnostics.UnitTests-checkManifestLockResult.txt",
			);
			runOnlyForDeploymentPostprocessing = 0;
			shellPath = /bin/sh;
			shellScript = "diff \"${PODS_PODFILE_DIR_PATH}/Podfile.lock\" \"${PODS_ROOT}/Manifest.lock\" > /dev/null\nif [ $? != 0 ] ; then\n    # print error to STDERR\n    echo \"error: The sandbox is not in sync with the Podfile.lock. Run 'pod install' or update your CocoaPods installation.\" >&2\n    exit 1\nfi\n# This output is used by Xcode 'outputs' to avoid re-running this script phase.\necho \"SUCCESS\" > \"${SCRIPT_OUTPUT_FILE_0}\"\n";
			showEnvVarsInLog = 0;
		};
		FD75195758BD9CBB2EB535BA /* [CP] Embed Pods Frameworks */ = {
			isa = PBXShellScriptBuildPhase;
			buildActionMask = 2147483647;
			files = (
			);
			inputPaths = (
			);
			name = "[CP] Embed Pods Frameworks";
			outputPaths = (
			);
			runOnlyForDeploymentPostprocessing = 0;
			shellPath = /bin/sh;
			shellScript = "\"${SRCROOT}/../../../CocoaPods/Pods/Target Support Files/Pods-SwiftCommons.Diagnostics.UnitTests/Pods-SwiftCommons.Diagnostics.UnitTests-frameworks.sh\"\n";
			showEnvVarsInLog = 0;
		};
/* End PBXShellScriptBuildPhase section */

/* Begin PBXSourcesBuildPhase section */
		195D394B1F72CE4900118D17 /* Sources */ = {
			isa = PBXSourcesBuildPhase;
			buildActionMask = 2147483647;
			files = (
				1942756F1F87AC0300574076 /* CheckTests.IsFalse.swift in Sources */,
				1942758B1F87AC0A00574076 /* GuardTests.AllValid.swift in Sources */,
				1942759B1F87AC0A00574076 /* GuardTests.NotNil.swift in Sources */,
				1942757B1F87AC0300574076 /* CheckTests.NotValid.swift in Sources */,
				194275951F87AC0A00574076 /* GuardTests.LessThanOrEqualTo.swift in Sources */,
				194275821F87AC0A00574076 /* GuardTests.AllBlank.swift in Sources */,
				1942758D1F87AC0A00574076 /* GuardTests.Empty.swift in Sources */,
				1942758C1F87AC0A00574076 /* GuardTests.Blank.swift in Sources */,
				194275661F87AC0300574076 /* CheckTests.AllNotEmpty.swift in Sources */,
				1942759A1F87AC0A00574076 /* GuardTests.NotEqual.swift in Sources */,
				194275901F87AC0A00574076 /* GuardTests.GreaterThanOrEqualTo.swift in Sources */,
				1942758E1F87AC0A00574076 /* GuardTests.Equal.swift in Sources */,
				194275611F87AC0300574076 /* CheckTests.AllEmpty.swift in Sources */,
				194275931F87AC0A00574076 /* GuardTests.IsTrue.swift in Sources */,
				194275911F87AC0A00574076 /* GuardTests.IsFalse.swift in Sources */,
				1942757F1F87AC0300574076 /* CheckTests.Valid.swift in Sources */,
				194275791F87AC0300574076 /* CheckTests.NotNil.swift in Sources */,
				1942759C1F87AC0A00574076 /* GuardTests.NotSame.swift in Sources */,
				194275691F87AC0300574076 /* CheckTests.AllValid.swift in Sources */,
				194275601F87AC0300574076 /* CheckTests.AllBlank.swift in Sources */,
				1942758A1F87AC0A00574076 /* GuardTests.AllNotValid.swift in Sources */,
				1942757A1F87AC0300574076 /* CheckTests.NotSame.swift in Sources */,
				194276101F87D6CF00574076 /* ParkingModel.swift in Sources */,
				1942755F1F87AC0300574076 /* CheckTests.swift in Sources */,
				1942758F1F87AC0A00574076 /* GuardTests.GreaterThan.swift in Sources */,
				1942757E1F87AC0300574076 /* CheckTests.ThrowsAny.swift in Sources */,
				194275971F87AC0A00574076 /* GuardTests.NilOrValid.swift in Sources */,
				194275671F87AC0300574076 /* CheckTests.AllNotNil.swift in Sources */,
				194275921F87AC0A00574076 /* GuardTests.IsNil.swift in Sources */,
				194276121F87D6CF00574076 /* VehicleModel.swift in Sources */,
				194275A01F87AC0A00574076 /* GuardTests.ThrowsAny.swift in Sources */,
				194275981F87AC0A00574076 /* GuardTests.NotBlank.swift in Sources */,
				194275651F87AC0300574076 /* CheckTests.AllNotBlank.swift in Sources */,
				194275891F87AC0A00574076 /* GuardTests.AllNotNil.swift in Sources */,
				1942757D1F87AC0300574076 /* CheckTests.Throws.swift in Sources */,
				194275711F87AC0300574076 /* CheckTests.IsTrue.swift in Sources */,
				194275851F87AC0A00574076 /* GuardTests.AllNilOrNotValid.swift in Sources */,
				194275811F87AC0A00574076 /* GuardTests.swift in Sources */,
				1942756A1F87AC0300574076 /* CheckTests.Blank.swift in Sources */,
				194275941F87AC0A00574076 /* GuardTests.LessThan.swift in Sources */,
				194275741F87AC0300574076 /* CheckTests.NilOrNotValid.swift in Sources */,
				194275A11F87AC0A00574076 /* GuardTests.Valid.swift in Sources */,
				194275621F87AC0300574076 /* CheckTests.AllNil.swift in Sources */,
				194275881F87AC0A00574076 /* GuardTests.AllNotEmpty.swift in Sources */,
				194275781F87AC0300574076 /* CheckTests.NotEqual.swift in Sources */,
				1942756C1F87AC0300574076 /* CheckTests.Equal.swift in Sources */,
				1942756B1F87AC0300574076 /* CheckTests.Empty.swift in Sources */,
				194275721F87AC0300574076 /* CheckTests.LessThan.swift in Sources */,
				194275641F87AC0300574076 /* CheckTests.AllNilOrValid.swift in Sources */,
				1942759F1F87AC0A00574076 /* GuardTests.Throws.swift in Sources */,
				1942760F1F87D6CF00574076 /* NotValidModel.swift in Sources */,
				194275991F87AC0A00574076 /* GuardTests.NotEmpty.swift in Sources */,
				194275751F87AC0300574076 /* CheckTests.NilOrValid.swift in Sources */,
				194276111F87D6CF00574076 /* ValidModel.swift in Sources */,
				194275681F87AC0300574076 /* CheckTests.AllNotValid.swift in Sources */,
				194275761F87AC0300574076 /* CheckTests.NotBlank.swift in Sources */,
				194275A21F87AC0A00574076 /* SwiftCommons.Diagnostics.UnitTests.swift in Sources */,
				194275831F87AC0A00574076 /* GuardTests.AllEmpty.swift in Sources */,
				194275701F87AC0300574076 /* CheckTests.IsNil.swift in Sources */,
				194275731F87AC0300574076 /* CheckTests.LessThanOrEqualTo.swift in Sources */,
				1942756E1F87AC0300574076 /* CheckTests.GreaterThanOrEqualTo.swift in Sources */,
				1942757C1F87AC0300574076 /* CheckTests.Same.swift in Sources */,
				194275861F87AC0A00574076 /* GuardTests.AllNilOrValid.swift in Sources */,
				194275771F87AC0300574076 /* CheckTests.NotEmpty.swift in Sources */,
				1942759E1F87AC0A00574076 /* GuardTests.Same.swift in Sources */,
				1942756D1F87AC0300574076 /* CheckTests.GreaterThan.swift in Sources */,
				194275961F87AC0A00574076 /* GuardTests.NilOrNotValid.swift in Sources */,
				194275871F87AC0A00574076 /* GuardTests.AllNotBlank.swift in Sources */,
				1942759D1F87AC0A00574076 /* GuardTests.NotValid.swift in Sources */,
				194275841F87AC0A00574076 /* GuardTests.AllNil.swift in Sources */,
				194275631F87AC0300574076 /* CheckTests.AllNilOrNotValid.swift in Sources */,
			);
			runOnlyForDeploymentPostprocessing = 0;
		};
/* End PBXSourcesBuildPhase section */

/* Begin XCBuildConfiguration section */
		195D39581F72CE4900118D17 /* Debug */ = {
			isa = XCBuildConfiguration;
			baseConfigurationReference = 2E3FEEE925ABBE68E6AE0308 /* Pods-SwiftCommons.Diagnostics.UnitTests.debug.xcconfig */;
			buildSettings = {
				CLANG_ENABLE_MODULES = YES;
				CODE_SIGN_STYLE = Automatic;
				DEVELOPMENT_TEAM = EA5933P8V8;
				INFOPLIST_FILE = Configuration/Info.plist;
				LD_RUNPATH_SEARCH_PATHS = "$(inherited) @executable_path/Frameworks @loader_path/Frameworks";
				PRODUCT_BUNDLE_IDENTIFIER = "com.roxiemobile.$(TARGET_NAME:rfc1034identifier)";
				PRODUCT_NAME = "$(CUSTOM_PRODUCT_NAME).UnitTests";
			};
			name = Debug;
		};
		195D39591F72CE4900118D17 /* Release */ = {
			isa = XCBuildConfiguration;
			baseConfigurationReference = 9470D933D4C8F5F95213E89A /* Pods-SwiftCommons.Diagnostics.UnitTests.release.xcconfig */;
			buildSettings = {
				CLANG_ENABLE_MODULES = YES;
				CODE_SIGN_STYLE = Automatic;
				DEVELOPMENT_TEAM = EA5933P8V8;
				INFOPLIST_FILE = Configuration/Info.plist;
				LD_RUNPATH_SEARCH_PATHS = "$(inherited) @executable_path/Frameworks @loader_path/Frameworks";
				PRODUCT_BUNDLE_IDENTIFIER = "com.roxiemobile.$(TARGET_NAME:rfc1034identifier)";
				PRODUCT_NAME = "$(CUSTOM_PRODUCT_NAME).UnitTests";
			};
			name = Release;
		};
		19C0172B1F72CC3A00D29F73 /* Debug */ = {
			isa = XCBuildConfiguration;
			baseConfigurationReference = 193AC52D1FCCD23400017493 /* SwiftCommons.Diagnostics.UnitTests.xcconfig */;
			buildSettings = {
				ALWAYS_SEARCH_USER_PATHS = NO;
				CLANG_ANALYZER_NONNULL = YES;
				CLANG_ANALYZER_NUMBER_OBJECT_CONVERSION = YES_AGGRESSIVE;
				CLANG_CXX_LANGUAGE_STANDARD = "gnu++14";
				CLANG_CXX_LIBRARY = "libc++";
				CLANG_ENABLE_MODULES = YES;
				CLANG_ENABLE_OBJC_ARC = YES;
				CLANG_WARN_BLOCK_CAPTURE_AUTORELEASING = YES;
				CLANG_WARN_BOOL_CONVERSION = YES;
				CLANG_WARN_COMMA = YES;
				CLANG_WARN_CONSTANT_CONVERSION = YES;
				CLANG_WARN_DIRECT_OBJC_ISA_USAGE = YES_ERROR;
				CLANG_WARN_DOCUMENTATION_COMMENTS = YES;
				CLANG_WARN_EMPTY_BODY = YES;
				CLANG_WARN_ENUM_CONVERSION = YES;
				CLANG_WARN_INFINITE_RECURSION = YES;
				CLANG_WARN_INT_CONVERSION = YES;
				CLANG_WARN_NON_LITERAL_NULL_CONVERSION = YES;
				CLANG_WARN_OBJC_LITERAL_CONVERSION = YES;
				CLANG_WARN_OBJC_ROOT_CLASS = YES_ERROR;
				CLANG_WARN_RANGE_LOOP_ANALYSIS = YES;
				CLANG_WARN_STRICT_PROTOTYPES = YES;
				CLANG_WARN_SUSPICIOUS_MOVE = YES;
				CLANG_WARN_UNGUARDED_AVAILABILITY = YES_AGGRESSIVE;
				CLANG_WARN_UNREACHABLE_CODE = YES;
				CLANG_WARN__DUPLICATE_METHOD_MATCH = YES;
				CODE_SIGN_IDENTITY = "iPhone Developer";
				COPY_PHASE_STRIP = NO;
				DEBUG_INFORMATION_FORMAT = dwarf;
				ENABLE_STRICT_OBJC_MSGSEND = YES;
				ENABLE_TESTABILITY = YES;
				GCC_C_LANGUAGE_STANDARD = gnu11;
				GCC_DYNAMIC_NO_PIC = NO;
				GCC_NO_COMMON_BLOCKS = YES;
				GCC_OPTIMIZATION_LEVEL = 0;
				GCC_PREPROCESSOR_DEFINITIONS = (
					"DEBUG=1",
					"$(inherited)",
				);
				GCC_WARN_64_TO_32_BIT_CONVERSION = YES;
				GCC_WARN_ABOUT_RETURN_TYPE = YES_ERROR;
				GCC_WARN_UNDECLARED_SELECTOR = YES;
				GCC_WARN_UNINITIALIZED_AUTOS = YES_AGGRESSIVE;
				GCC_WARN_UNUSED_FUNCTION = YES;
				GCC_WARN_UNUSED_VARIABLE = YES;
				MTL_ENABLE_DEBUG_INFO = YES;
				ONLY_ACTIVE_ARCH = YES;
				SDKROOT = iphoneos;
				SWIFT_OPTIMIZATION_LEVEL = "-Onone";
			};
			name = Debug;
		};
		19C0172C1F72CC3A00D29F73 /* Release */ = {
			isa = XCBuildConfiguration;
			baseConfigurationReference = 193AC52D1FCCD23400017493 /* SwiftCommons.Diagnostics.UnitTests.xcconfig */;
			buildSettings = {
				ALWAYS_SEARCH_USER_PATHS = NO;
				CLANG_ANALYZER_NONNULL = YES;
				CLANG_ANALYZER_NUMBER_OBJECT_CONVERSION = YES_AGGRESSIVE;
				CLANG_CXX_LANGUAGE_STANDARD = "gnu++14";
				CLANG_CXX_LIBRARY = "libc++";
				CLANG_ENABLE_MODULES = YES;
				CLANG_ENABLE_OBJC_ARC = YES;
				CLANG_WARN_BLOCK_CAPTURE_AUTORELEASING = YES;
				CLANG_WARN_BOOL_CONVERSION = YES;
				CLANG_WARN_COMMA = YES;
				CLANG_WARN_CONSTANT_CONVERSION = YES;
				CLANG_WARN_DIRECT_OBJC_ISA_USAGE = YES_ERROR;
				CLANG_WARN_DOCUMENTATION_COMMENTS = YES;
				CLANG_WARN_EMPTY_BODY = YES;
				CLANG_WARN_ENUM_CONVERSION = YES;
				CLANG_WARN_INFINITE_RECURSION = YES;
				CLANG_WARN_INT_CONVERSION = YES;
				CLANG_WARN_NON_LITERAL_NULL_CONVERSION = YES;
				CLANG_WARN_OBJC_LITERAL_CONVERSION = YES;
				CLANG_WARN_OBJC_ROOT_CLASS = YES_ERROR;
				CLANG_WARN_RANGE_LOOP_ANALYSIS = YES;
				CLANG_WARN_STRICT_PROTOTYPES = YES;
				CLANG_WARN_SUSPICIOUS_MOVE = YES;
				CLANG_WARN_UNGUARDED_AVAILABILITY = YES_AGGRESSIVE;
				CLANG_WARN_UNREACHABLE_CODE = YES;
				CLANG_WARN__DUPLICATE_METHOD_MATCH = YES;
				CODE_SIGN_IDENTITY = "iPhone Developer";
				COPY_PHASE_STRIP = NO;
				DEBUG_INFORMATION_FORMAT = "dwarf-with-dsym";
				ENABLE_NS_ASSERTIONS = NO;
				ENABLE_STRICT_OBJC_MSGSEND = YES;
				GCC_C_LANGUAGE_STANDARD = gnu11;
				GCC_NO_COMMON_BLOCKS = YES;
				GCC_WARN_64_TO_32_BIT_CONVERSION = YES;
				GCC_WARN_ABOUT_RETURN_TYPE = YES_ERROR;
				GCC_WARN_UNDECLARED_SELECTOR = YES;
				GCC_WARN_UNINITIALIZED_AUTOS = YES_AGGRESSIVE;
				GCC_WARN_UNUSED_FUNCTION = YES;
				GCC_WARN_UNUSED_VARIABLE = YES;
				MTL_ENABLE_DEBUG_INFO = NO;
				SDKROOT = iphoneos;
				SWIFT_OPTIMIZATION_LEVEL = "-Owholemodule";
				VALIDATE_PRODUCT = YES;
			};
			name = Release;
		};
/* End XCBuildConfiguration section */

/* Begin XCConfigurationList section */
		195D39571F72CE4900118D17 /* Build configuration list for PBXNativeTarget "SwiftCommons.Diagnostics.UnitTests" */ = {
			isa = XCConfigurationList;
			buildConfigurations = (
				195D39581F72CE4900118D17 /* Debug */,
				195D39591F72CE4900118D17 /* Release */,
			);
			defaultConfigurationIsVisible = 0;
			defaultConfigurationName = Release;
		};
		19C0171F1F72CC3A00D29F73 /* Build configuration list for PBXProject "SwiftCommons.Diagnostics.UnitTests" */ = {
			isa = XCConfigurationList;
			buildConfigurations = (
				19C0172B1F72CC3A00D29F73 /* Debug */,
				19C0172C1F72CC3A00D29F73 /* Release */,
			);
			defaultConfigurationIsVisible = 0;
			defaultConfigurationName = Release;
		};
/* End XCConfigurationList section */
	};
	rootObject = 19C0171C1F72CC3A00D29F73 /* Project object */;
}
