PODS:
  - SwiftCommons (0.7.1):
    - SwiftyJSON (~> 2.4)
  - SwiftyJSON (2.4.0)

DEPENDENCIES:
  - SwiftCommons (from `../../`)

EXTERNAL SOURCES:
  SwiftCommons:
    :path: "../../"

SPEC CHECKSUMS:
  SwiftCommons: 1bf97f307aec0adb60fb97845e67c7e45ac58111
  SwiftyJSON: 96918c1bf505efa50c4f72957018dd3452090c9c

PODFILE CHECKSUM: 2e884544e8573fe5fd7b6c3a00af001b93d31d07

COCOAPODS: 1.1.1
