// !$*UTF8*$!
{
	archiveVersion = 1;
	classes = {
	};
	objectVersion = 48;
	objects = {

/* Begin PBXBuildFile section */
		195D39541F72CE4900118D17 /* libSwiftCommonsCoreAbstractions.a in Frameworks */ = {isa = PBXBuildFile; fileRef = 19C017241F72CC3A00D29F73 /* libSwiftCommonsCoreAbstractions.a */; };
		1990C4FC1F8A495400A944A8 /* Validatable.swift in Sources */ = {isa = PBXBuildFile; fileRef = 1990C4FB1F8A495400A944A8 /* Validatable.swift */; };
		1990C4FE1F8A4A8A00A944A8 /* PostValidatable.swift in Sources */ = {isa = PBXBuildFile; fileRef = 1990C4FD1F8A4A8A00A944A8 /* PostValidatable.swift */; };
		1990C5011F8A4AF800A944A8 /* Validator.swift in Sources */ = {isa = PBXBuildFile; fileRef = 1990C5001F8A4AF800A944A8 /* Validator.swift */; };
		1990C5031F8A574700A944A8 /* StaticValidator.swift in Sources */ = {isa = PBXBuildFile; fileRef = 1990C5021F8A574700A944A8 /* StaticValidator.swift */; };
		1990C5111F8A64CB00A944A8 /* Serializable.swift in Sources */ = {isa = PBXBuildFile; fileRef = 1990C5101F8A64CB00A944A8 /* Serializable.swift */; };
		19EB0CD01F72E1770029F302 /* SwiftCommons.Core.Abstractions.UnitTests.swift in Sources */ = {isa = PBXBuildFile; fileRef = 19EB0CCF1F72E1770029F302 /* SwiftCommons.Core.Abstractions.UnitTests.swift */; };
		5FBCE2CA63D62AF10258C60A /* Pods_SwiftCommons_Core_Abstractions_UnitTests.framework in Frameworks */ = {isa = PBXBuildFile; fileRef = 6214FAF6285D5B7271B31443 /* Pods_SwiftCommons_Core_Abstractions_UnitTests.framework */; };
		81C83B41D213963720445371 /* Pods_SwiftCommons_Core_Abstractions.framework in Frameworks */ = {isa = PBXBuildFile; fileRef = A4E7D363C8C6BE2146AC3F3C /* Pods_SwiftCommons_Core_Abstractions.framework */; };
/* End PBXBuildFile section */

/* Begin PBXCopyFilesBuildPhase section */
		19C017221F72CC3A00D29F73 /* CopyFiles */ = {
			isa = PBXCopyFilesBuildPhase;
			buildActionMask = 2147483647;
			dstPath = "include/$(PRODUCT_NAME)";
			dstSubfolderSpec = 16;
			files = (
			);
			runOnlyForDeploymentPostprocessing = 0;
		};
/* End PBXCopyFilesBuildPhase section */

/* Begin PBXFileReference section */
		195D394F1F72CE4900118D17 /* SwiftCommonsCoreAbstractions.UnitTests.xctest */ = {isa = PBXFileReference; explicitFileType = wrapper.cfbundle; includeInIndex = 0; path = SwiftCommonsCoreAbstractions.UnitTests.xctest; sourceTree = BUILT_PRODUCTS_DIR; };
		19792A361F72E7200001768B /* SwiftCommons.Core.Abstractions-Bridging-Header.h */ = {isa = PBXFileReference; fileEncoding = 4; lastKnownFileType = sourcecode.c.h; path = "SwiftCommons.Core.Abstractions-Bridging-Header.h"; sourceTree = "<group>"; };
		19792A371F72E72A0001768B /* SwiftCommons.Core.Abstractions.UnitTests-Bridging-Header.h */ = {isa = PBXFileReference; fileEncoding = 4; lastKnownFileType = sourcecode.c.h; path = "SwiftCommons.Core.Abstractions.UnitTests-Bridging-Header.h"; sourceTree = "<group>"; };
		1990C4FB1F8A495400A944A8 /* Validatable.swift */ = {isa = PBXFileReference; fileEncoding = 4; lastKnownFileType = sourcecode.swift; path = Validatable.swift; sourceTree = "<group>"; };
		1990C4FD1F8A4A8A00A944A8 /* PostValidatable.swift */ = {isa = PBXFileReference; fileEncoding = 4; lastKnownFileType = sourcecode.swift; path = PostValidatable.swift; sourceTree = "<group>"; };
		1990C5001F8A4AF800A944A8 /* Validator.swift */ = {isa = PBXFileReference; fileEncoding = 4; lastKnownFileType = sourcecode.swift; path = Validator.swift; sourceTree = "<group>"; };
		1990C5021F8A574700A944A8 /* StaticValidator.swift */ = {isa = PBXFileReference; fileEncoding = 4; lastKnownFileType = sourcecode.swift; path = StaticValidator.swift; sourceTree = "<group>"; };
		1990C5101F8A64CB00A944A8 /* Serializable.swift */ = {isa = PBXFileReference; fileEncoding = 4; lastKnownFileType = sourcecode.swift; path = Serializable.swift; sourceTree = "<group>"; };
		19C017241F72CC3A00D29F73 /* libSwiftCommonsCoreAbstractions.a */ = {isa = PBXFileReference; explicitFileType = archive.ar; includeInIndex = 0; path = libSwiftCommonsCoreAbstractions.a; sourceTree = BUILT_PRODUCTS_DIR; };
		19EB0CA71F72DF640029F302 /* Info.plist */ = {isa = PBXFileReference; lastKnownFileType = text.plist.xml; path = Info.plist; sourceTree = "<group>"; };
		19EB0CCF1F72E1770029F302 /* SwiftCommons.Core.Abstractions.UnitTests.swift */ = {isa = PBXFileReference; lastKnownFileType = sourcecode.swift; path = SwiftCommons.Core.Abstractions.UnitTests.swift; sourceTree = "<group>"; };
		24EF2CF324ECA1BF24F73E49 /* Pods-SwiftCommons.Core.Abstractions.UnitTests.release.xcconfig */ = {isa = PBXFileReference; includeInIndex = 1; lastKnownFileType = text.xcconfig; name = "Pods-SwiftCommons.Core.Abstractions.UnitTests.release.xcconfig"; path = "../../CocoaPods/Pods/Target Support Files/Pods-SwiftCommons.Core.Abstractions.UnitTests/Pods-SwiftCommons.Core.Abstractions.UnitTests.release.xcconfig"; sourceTree = "<group>"; };
		6214FAF6285D5B7271B31443 /* Pods_SwiftCommons_Core_Abstractions_UnitTests.framework */ = {isa = PBXFileReference; explicitFileType = wrapper.framework; includeInIndex = 0; path = Pods_SwiftCommons_Core_Abstractions_UnitTests.framework; sourceTree = BUILT_PRODUCTS_DIR; };
		928A6DA32926152631035644 /* Pods-SwiftCommons.Core.Abstractions.release.xcconfig */ = {isa = PBXFileReference; includeInIndex = 1; lastKnownFileType = text.xcconfig; name = "Pods-SwiftCommons.Core.Abstractions.release.xcconfig"; path = "../../CocoaPods/Pods/Target Support Files/Pods-SwiftCommons.Core.Abstractions/Pods-SwiftCommons.Core.Abstractions.release.xcconfig"; sourceTree = "<group>"; };
		A4E7D363C8C6BE2146AC3F3C /* Pods_SwiftCommons_Core_Abstractions.framework */ = {isa = PBXFileReference; explicitFileType = wrapper.framework; includeInIndex = 0; path = Pods_SwiftCommons_Core_Abstractions.framework; sourceTree = BUILT_PRODUCTS_DIR; };
		DDEE10E268C74F49A9F6CC4B /* Pods-SwiftCommons.Core.Abstractions.UnitTests.debug.xcconfig */ = {isa = PBXFileReference; includeInIndex = 1; lastKnownFileType = text.xcconfig; name = "Pods-SwiftCommons.Core.Abstractions.UnitTests.debug.xcconfig"; path = "../../CocoaPods/Pods/Target Support Files/Pods-SwiftCommons.Core.Abstractions.UnitTests/Pods-SwiftCommons.Core.Abstractions.UnitTests.debug.xcconfig"; sourceTree = "<group>"; };
		F4E698B9272EFBE973C6133D /* Pods-SwiftCommons.Core.Abstractions.debug.xcconfig */ = {isa = PBXFileReference; includeInIndex = 1; lastKnownFileType = text.xcconfig; name = "Pods-SwiftCommons.Core.Abstractions.debug.xcconfig"; path = "../../CocoaPods/Pods/Target Support Files/Pods-SwiftCommons.Core.Abstractions/Pods-SwiftCommons.Core.Abstractions.debug.xcconfig"; sourceTree = "<group>"; };
/* End PBXFileReference section */

/* Begin PBXFrameworksBuildPhase section */
		195D394C1F72CE4900118D17 /* Frameworks */ = {
			isa = PBXFrameworksBuildPhase;
			buildActionMask = 2147483647;
			files = (
				195D39541F72CE4900118D17 /* libSwiftCommonsCoreAbstractions.a in Frameworks */,
				5FBCE2CA63D62AF10258C60A /* Pods_SwiftCommons_Core_Abstractions_UnitTests.framework in Frameworks */,
			);
			runOnlyForDeploymentPostprocessing = 0;
		};
		19C017211F72CC3A00D29F73 /* Frameworks */ = {
			isa = PBXFrameworksBuildPhase;
			buildActionMask = 2147483647;
			files = (
				81C83B41D213963720445371 /* Pods_SwiftCommons_Core_Abstractions.framework in Frameworks */,
			);
			runOnlyForDeploymentPostprocessing = 0;
		};
/* End PBXFrameworksBuildPhase section */

/* Begin PBXGroup section */
		195D39501F72CE4900118D17 /* Module.UnitTests */ = {
			isa = PBXGroup;
			children = (
				19EB0CA81F72DF640029F302 /* Sources */,
				19EB0CA61F72DF640029F302 /* Resources */,
				19EB0CA41F72DF640029F302 /* Libraries */,
			);
			path = Module.UnitTests;
			sourceTree = "<group>";
		};
		1990C4FA1F8A495400A944A8 /* Models */ = {
			isa = PBXGroup;
			children = (
				1990C4FD1F8A4A8A00A944A8 /* PostValidatable.swift */,
				1990C5101F8A64CB00A944A8 /* Serializable.swift */,
				1990C4FB1F8A495400A944A8 /* Validatable.swift */,
			);
			path = Models;
			sourceTree = "<group>";
		};
		1990C4FF1F8A4AF800A944A8 /* Validators */ = {
			isa = PBXGroup;
			children = (
				1990C5021F8A574700A944A8 /* StaticValidator.swift */,
				1990C5001F8A4AF800A944A8 /* Validator.swift */,
			);
			path = Validators;
			sourceTree = "<group>";
		};
		19C0171B1F72CC3A00D29F73 = {
			isa = PBXGroup;
			children = (
				19C017261F72CC3A00D29F73 /* Module */,
				195D39501F72CE4900118D17 /* Module.UnitTests */,
				19C017251F72CC3A00D29F73 /* Products */,
				6B2CF577BC9ACE7ADB901D36 /* Pods */,
				606B2BC7BE950DC03094DA17 /* Frameworks */,
			);
			sourceTree = "<group>";
		};
		19C017251F72CC3A00D29F73 /* Products */ = {
			isa = PBXGroup;
			children = (
				19C017241F72CC3A00D29F73 /* libSwiftCommonsCoreAbstractions.a */,
				195D394F1F72CE4900118D17 /* SwiftCommonsCoreAbstractions.UnitTests.xctest */,
			);
			name = Products;
			sourceTree = "<group>";
		};
		19C017261F72CC3A00D29F73 /* Module */ = {
			isa = PBXGroup;
			children = (
				19EB0CA01F72DF0D0029F302 /* Sources */,
				19EB0C9E1F72DF0D0029F302 /* Resources */,
				19EB0CA21F72DF0D0029F302 /* Libraries */,
			);
			path = Module;
			sourceTree = "<group>";
		};
		19EB0C9E1F72DF0D0029F302 /* Resources */ = {
			isa = PBXGroup;
			children = (
			);
			path = Resources;
			sourceTree = "<group>";
		};
		19EB0CA01F72DF0D0029F302 /* Sources */ = {
			isa = PBXGroup;
			children = (
				1990C4FA1F8A495400A944A8 /* Models */,
				1990C4FF1F8A4AF800A944A8 /* Validators */,
			);
			path = Sources;
			sourceTree = "<group>";
		};
		19EB0CA21F72DF0D0029F302 /* Libraries */ = {
			isa = PBXGroup;
			children = (
				19792A361F72E7200001768B /* SwiftCommons.Core.Abstractions-Bridging-Header.h */,
			);
			path = Libraries;
			sourceTree = "<group>";
		};
		19EB0CA41F72DF640029F302 /* Libraries */ = {
			isa = PBXGroup;
			children = (
				19792A371F72E72A0001768B /* SwiftCommons.Core.Abstractions.UnitTests-Bridging-Header.h */,
			);
			path = Libraries;
			sourceTree = "<group>";
		};
		19EB0CA61F72DF640029F302 /* Resources */ = {
			isa = PBXGroup;
			children = (
				19EB0CA71F72DF640029F302 /* Info.plist */,
			);
			path = Resources;
			sourceTree = "<group>";
		};
		19EB0CA81F72DF640029F302 /* Sources */ = {
			isa = PBXGroup;
			children = (
				19EB0CCF1F72E1770029F302 /* SwiftCommons.Core.Abstractions.UnitTests.swift */,
			);
			path = Sources;
			sourceTree = "<group>";
		};
		606B2BC7BE950DC03094DA17 /* Frameworks */ = {
			isa = PBXGroup;
			children = (
				A4E7D363C8C6BE2146AC3F3C /* Pods_SwiftCommons_Core_Abstractions.framework */,
				6214FAF6285D5B7271B31443 /* Pods_SwiftCommons_Core_Abstractions_UnitTests.framework */,
			);
			name = Frameworks;
			sourceTree = "<group>";
		};
		6B2CF577BC9ACE7ADB901D36 /* Pods */ = {
			isa = PBXGroup;
			children = (
				F4E698B9272EFBE973C6133D /* Pods-SwiftCommons.Core.Abstractions.debug.xcconfig */,
				928A6DA32926152631035644 /* Pods-SwiftCommons.Core.Abstractions.release.xcconfig */,
				DDEE10E268C74F49A9F6CC4B /* Pods-SwiftCommons.Core.Abstractions.UnitTests.debug.xcconfig */,
				24EF2CF324ECA1BF24F73E49 /* Pods-SwiftCommons.Core.Abstractions.UnitTests.release.xcconfig */,
			);
			name = Pods;
			sourceTree = "<group>";
		};
/* End PBXGroup section */

/* Begin PBXHeadersBuildPhase section */
		19C7B74B1F86489A0030F1D8 /* Headers */ = {
			isa = PBXHeadersBuildPhase;
			buildActionMask = 2147483647;
			files = (
			);
			runOnlyForDeploymentPostprocessing = 0;
		};
/* End PBXHeadersBuildPhase section */

/* Begin PBXNativeTarget section */
		195D394E1F72CE4900118D17 /* SwiftCommons.Core.Abstractions.UnitTests */ = {
			isa = PBXNativeTarget;
			buildConfigurationList = 195D39571F72CE4900118D17 /* Build configuration list for PBXNativeTarget "SwiftCommons.Core.Abstractions.UnitTests" */;
			buildPhases = (
				E4071FE31A78AA95210EC17C /* [CP] Check Pods Manifest.lock */,
				195D394B1F72CE4900118D17 /* Sources */,
				195D394C1F72CE4900118D17 /* Frameworks */,
				195D394D1F72CE4900118D17 /* Resources */,
				BA39F1665BF630AE98F9C120 /* [CP] Embed Pods Frameworks */,
				52631524C29AD08099339D1E /* [CP] Copy Pods Resources */,
			);
			buildRules = (
			);
			dependencies = (
			);
			name = SwiftCommons.Core.Abstractions.UnitTests;
			productName = SwiftCommons.Core.Abstractions.UnitTests;
			productReference = 195D394F1F72CE4900118D17 /* SwiftCommonsCoreAbstractions.UnitTests.xctest */;
			productType = "com.apple.product-type.bundle.unit-test";
		};
		19C017231F72CC3A00D29F73 /* SwiftCommons.Core.Abstractions */ = {
			isa = PBXNativeTarget;
			buildConfigurationList = 19C0172D1F72CC3A00D29F73 /* Build configuration list for PBXNativeTarget "SwiftCommons.Core.Abstractions" */;
			buildPhases = (
				55BD475B70AC399863089544 /* [CP] Check Pods Manifest.lock */,
				19C7B74B1F86489A0030F1D8 /* Headers */,
				19C017201F72CC3A00D29F73 /* Sources */,
				19C017211F72CC3A00D29F73 /* Frameworks */,
				19C017221F72CC3A00D29F73 /* CopyFiles */,
				A048047708C7B874C805D96C /* [CP] Copy Pods Resources */,
			);
			buildRules = (
			);
			dependencies = (
			);
			name = SwiftCommons.Core.Abstractions;
			productName = SwiftCommons.Core.Abstractions;
			productReference = 19C017241F72CC3A00D29F73 /* libSwiftCommonsCoreAbstractions.a */;
			productType = "com.apple.product-type.library.static";
		};
/* End PBXNativeTarget section */

/* Begin PBXProject section */
		19C0171C1F72CC3A00D29F73 /* Project object */ = {
			isa = PBXProject;
			attributes = {
				LastSwiftUpdateCheck = 0900;
				LastUpgradeCheck = 0900;
				ORGANIZATIONNAME = "Alexander Bragin";
				TargetAttributes = {
					195D394E1F72CE4900118D17 = {
						CreatedOnToolsVersion = 9.0;
						LastSwiftMigration = 0900;
						ProvisioningStyle = Automatic;
					};
					19C017231F72CC3A00D29F73 = {
						CreatedOnToolsVersion = 9.0;
						LastSwiftMigration = 0900;
						ProvisioningStyle = Automatic;
					};
				};
			};
			buildConfigurationList = 19C0171F1F72CC3A00D29F73 /* Build configuration list for PBXProject "SwiftCommons.Core.Abstractions" */;
			compatibilityVersion = "Xcode 8.0";
			developmentRegion = en;
			hasScannedForEncodings = 0;
			knownRegions = (
				en,
			);
			mainGroup = 19C0171B1F72CC3A00D29F73;
			productRefGroup = 19C017251F72CC3A00D29F73 /* Products */;
			projectDirPath = "";
			projectRoot = "";
			targets = (
				19C017231F72CC3A00D29F73 /* SwiftCommons.Core.Abstractions */,
				195D394E1F72CE4900118D17 /* SwiftCommons.Core.Abstractions.UnitTests */,
			);
		};
/* End PBXProject section */

/* Begin PBXResourcesBuildPhase section */
		195D394D1F72CE4900118D17 /* Resources */ = {
			isa = PBXResourcesBuildPhase;
			buildActionMask = 2147483647;
			files = (
			);
			runOnlyForDeploymentPostprocessing = 0;
		};
/* End PBXResourcesBuildPhase section */

/* Begin PBXShellScriptBuildPhase section */
		52631524C29AD08099339D1E /* [CP] Copy Pods Resources */ = {
			isa = PBXShellScriptBuildPhase;
			buildActionMask = 2147483647;
			files = (
			);
			inputPaths = (
			);
			name = "[CP] Copy Pods Resources";
			outputPaths = (
			);
			runOnlyForDeploymentPostprocessing = 0;
			shellPath = /bin/sh;
			shellScript = "\"${SRCROOT}/../../CocoaPods/Pods/Target Support Files/Pods-SwiftCommons.Core.Abstractions.UnitTests/Pods-SwiftCommons.Core.Abstractions.UnitTests-resources.sh\"\n";
			showEnvVarsInLog = 0;
		};
		55BD475B70AC399863089544 /* [CP] Check Pods Manifest.lock */ = {
			isa = PBXShellScriptBuildPhase;
			buildActionMask = 2147483647;
			files = (
			);
			inputPaths = (
				"${PODS_PODFILE_DIR_PATH}/Podfile.lock",
				"${PODS_ROOT}/Manifest.lock",
			);
			name = "[CP] Check Pods Manifest.lock";
			outputPaths = (
				"$(DERIVED_FILE_DIR)/Pods-SwiftCommons.Core.Abstractions-checkManifestLockResult.txt",
			);
			runOnlyForDeploymentPostprocessing = 0;
			shellPath = /bin/sh;
			shellScript = "diff \"${PODS_PODFILE_DIR_PATH}/Podfile.lock\" \"${PODS_ROOT}/Manifest.lock\" > /dev/null\nif [ $? != 0 ] ; then\n    # print error to STDERR\n    echo \"error: The sandbox is not in sync with the Podfile.lock. Run 'pod install' or update your CocoaPods installation.\" >&2\n    exit 1\nfi\n# This output is used by Xcode 'outputs' to avoid re-running this script phase.\necho \"SUCCESS\" > \"${SCRIPT_OUTPUT_FILE_0}\"\n";
			showEnvVarsInLog = 0;
		};
		A048047708C7B874C805D96C /* [CP] Copy Pods Resources */ = {
			isa = PBXShellScriptBuildPhase;
			buildActionMask = 2147483647;
			files = (
			);
			inputPaths = (
			);
			name = "[CP] Copy Pods Resources";
			outputPaths = (
			);
			runOnlyForDeploymentPostprocessing = 0;
			shellPath = /bin/sh;
			shellScript = "\"${SRCROOT}/../../CocoaPods/Pods/Target Support Files/Pods-SwiftCommons.Core.Abstractions/Pods-SwiftCommons.Core.Abstractions-resources.sh\"\n";
			showEnvVarsInLog = 0;
		};
		BA39F1665BF630AE98F9C120 /* [CP] Embed Pods Frameworks */ = {
			isa = PBXShellScriptBuildPhase;
			buildActionMask = 2147483647;
			files = (
			);
			inputPaths = (
			);
			name = "[CP] Embed Pods Frameworks";
			outputPaths = (
			);
			runOnlyForDeploymentPostprocessing = 0;
			shellPath = /bin/sh;
			shellScript = "\"${SRCROOT}/../../CocoaPods/Pods/Target Support Files/Pods-SwiftCommons.Core.Abstractions.UnitTests/Pods-SwiftCommons.Core.Abstractions.UnitTests-frameworks.sh\"\n";
			showEnvVarsInLog = 0;
		};
		E4071FE31A78AA95210EC17C /* [CP] Check Pods Manifest.lock */ = {
			isa = PBXShellScriptBuildPhase;
			buildActionMask = 2147483647;
			files = (
			);
			inputPaths = (
				"${PODS_PODFILE_DIR_PATH}/Podfile.lock",
				"${PODS_ROOT}/Manifest.lock",
			);
			name = "[CP] Check Pods Manifest.lock";
			outputPaths = (
				"$(DERIVED_FILE_DIR)/Pods-SwiftCommons.Core.Abstractions.UnitTests-checkManifestLockResult.txt",
			);
			runOnlyForDeploymentPostprocessing = 0;
			shellPath = /bin/sh;
			shellScript = "diff \"${PODS_PODFILE_DIR_PATH}/Podfile.lock\" \"${PODS_ROOT}/Manifest.lock\" > /dev/null\nif [ $? != 0 ] ; then\n    # print error to STDERR\n    echo \"error: The sandbox is not in sync with the Podfile.lock. Run 'pod install' or update your CocoaPods installation.\" >&2\n    exit 1\nfi\n# This output is used by Xcode 'outputs' to avoid re-running this script phase.\necho \"SUCCESS\" > \"${SCRIPT_OUTPUT_FILE_0}\"\n";
			showEnvVarsInLog = 0;
		};
/* End PBXShellScriptBuildPhase section */

/* Begin PBXSourcesBuildPhase section */
		195D394B1F72CE4900118D17 /* Sources */ = {
			isa = PBXSourcesBuildPhase;
			buildActionMask = 2147483647;
			files = (
				19EB0CD01F72E1770029F302 /* SwiftCommons.Core.Abstractions.UnitTests.swift in Sources */,
			);
			runOnlyForDeploymentPostprocessing = 0;
		};
		19C017201F72CC3A00D29F73 /* Sources */ = {
			isa = PBXSourcesBuildPhase;
			buildActionMask = 2147483647;
			files = (
				1990C4FC1F8A495400A944A8 /* Validatable.swift in Sources */,
				1990C5111F8A64CB00A944A8 /* Serializable.swift in Sources */,
				1990C5011F8A4AF800A944A8 /* Validator.swift in Sources */,
				1990C5031F8A574700A944A8 /* StaticValidator.swift in Sources */,
				1990C4FE1F8A4A8A00A944A8 /* PostValidatable.swift in Sources */,
			);
			runOnlyForDeploymentPostprocessing = 0;
		};
/* End PBXSourcesBuildPhase section */

/* Begin XCBuildConfiguration section */
		195D39581F72CE4900118D17 /* Debug */ = {
			isa = XCBuildConfiguration;
			baseConfigurationReference = DDEE10E268C74F49A9F6CC4B /* Pods-SwiftCommons.Core.Abstractions.UnitTests.debug.xcconfig */;
			buildSettings = {
				ALWAYS_EMBED_SWIFT_STANDARD_LIBRARIES = YES;
				CLANG_ENABLE_MODULES = YES;
				CODE_SIGN_STYLE = Automatic;
				DEVELOPMENT_TEAM = EA5933P8V8;
				INFOPLIST_FILE = Module.UnitTests/Resources/Info.plist;
				LD_RUNPATH_SEARCH_PATHS = "$(inherited) @executable_path/Frameworks @loader_path/Frameworks";
				PRODUCT_BUNDLE_IDENTIFIER = "com.roxiemobile.$(TARGET_NAME:rfc1034identifier)";
				PRODUCT_NAME = "$(CUSTOM_PRODUCT_NAME).UnitTests";
				SWIFT_ACTIVE_COMPILATION_CONDITIONS = DEBUG;
				SWIFT_OBJC_BRIDGING_HEADER = "Module.UnitTests/Libraries/$(TARGET_NAME)-Bridging-Header.h";
				SWIFT_OPTIMIZATION_LEVEL = "-Onone";
				SWIFT_VERSION = 4.0;
				TARGETED_DEVICE_FAMILY = "1,2";
			};
			name = Debug;
		};
		195D39591F72CE4900118D17 /* Release */ = {
			isa = XCBuildConfiguration;
			baseConfigurationReference = 24EF2CF324ECA1BF24F73E49 /* Pods-SwiftCommons.Core.Abstractions.UnitTests.release.xcconfig */;
			buildSettings = {
				ALWAYS_EMBED_SWIFT_STANDARD_LIBRARIES = YES;
				CLANG_ENABLE_MODULES = YES;
				CODE_SIGN_STYLE = Automatic;
				DEVELOPMENT_TEAM = EA5933P8V8;
				INFOPLIST_FILE = Module.UnitTests/Resources/Info.plist;
				LD_RUNPATH_SEARCH_PATHS = "$(inherited) @executable_path/Frameworks @loader_path/Frameworks";
				PRODUCT_BUNDLE_IDENTIFIER = "com.roxiemobile.$(TARGET_NAME:rfc1034identifier)";
				PRODUCT_NAME = "$(CUSTOM_PRODUCT_NAME).UnitTests";
				SWIFT_OBJC_BRIDGING_HEADER = "Module.UnitTests/Libraries/$(TARGET_NAME)-Bridging-Header.h";
				SWIFT_OPTIMIZATION_LEVEL = "-Owholemodule";
				SWIFT_VERSION = 4.0;
				TARGETED_DEVICE_FAMILY = "1,2";
			};
			name = Release;
		};
		19C0172B1F72CC3A00D29F73 /* Debug */ = {
			isa = XCBuildConfiguration;
			buildSettings = {
				ALWAYS_SEARCH_USER_PATHS = NO;
				CLANG_ANALYZER_NONNULL = YES;
				CLANG_ANALYZER_NUMBER_OBJECT_CONVERSION = YES_AGGRESSIVE;
				CLANG_CXX_LANGUAGE_STANDARD = "gnu++14";
				CLANG_CXX_LIBRARY = "libc++";
				CLANG_ENABLE_MODULES = YES;
				CLANG_ENABLE_OBJC_ARC = YES;
				CLANG_WARN_BLOCK_CAPTURE_AUTORELEASING = YES;
				CLANG_WARN_BOOL_CONVERSION = YES;
				CLANG_WARN_COMMA = YES;
				CLANG_WARN_CONSTANT_CONVERSION = YES;
				CLANG_WARN_DIRECT_OBJC_ISA_USAGE = YES_ERROR;
				CLANG_WARN_DOCUMENTATION_COMMENTS = YES;
				CLANG_WARN_EMPTY_BODY = YES;
				CLANG_WARN_ENUM_CONVERSION = YES;
				CLANG_WARN_INFINITE_RECURSION = YES;
				CLANG_WARN_INT_CONVERSION = YES;
				CLANG_WARN_NON_LITERAL_NULL_CONVERSION = YES;
				CLANG_WARN_OBJC_LITERAL_CONVERSION = YES;
				CLANG_WARN_OBJC_ROOT_CLASS = YES_ERROR;
				CLANG_WARN_RANGE_LOOP_ANALYSIS = YES;
				CLANG_WARN_STRICT_PROTOTYPES = YES;
				CLANG_WARN_SUSPICIOUS_MOVE = YES;
				CLANG_WARN_UNGUARDED_AVAILABILITY = YES_AGGRESSIVE;
				CLANG_WARN_UNREACHABLE_CODE = YES;
				CLANG_WARN__DUPLICATE_METHOD_MATCH = YES;
				CODE_SIGN_IDENTITY = "iPhone Developer";
				COPY_PHASE_STRIP = NO;
				CUSTOM_PRODUCT_NAME = SwiftCommonsCoreAbstractions;
				DEBUG_INFORMATION_FORMAT = dwarf;
				ENABLE_STRICT_OBJC_MSGSEND = YES;
				ENABLE_TESTABILITY = YES;
				GCC_C_LANGUAGE_STANDARD = gnu11;
				GCC_DYNAMIC_NO_PIC = NO;
				GCC_NO_COMMON_BLOCKS = YES;
				GCC_OPTIMIZATION_LEVEL = 0;
				GCC_PREPROCESSOR_DEFINITIONS = (
					"DEBUG=1",
					"$(inherited)",
				);
				GCC_WARN_64_TO_32_BIT_CONVERSION = YES;
				GCC_WARN_ABOUT_RETURN_TYPE = YES_ERROR;
				GCC_WARN_UNDECLARED_SELECTOR = YES;
				GCC_WARN_UNINITIALIZED_AUTOS = YES_AGGRESSIVE;
				GCC_WARN_UNUSED_FUNCTION = YES;
				GCC_WARN_UNUSED_VARIABLE = YES;
				IPHONEOS_DEPLOYMENT_TARGET = 11.0;
				MTL_ENABLE_DEBUG_INFO = YES;
				ONLY_ACTIVE_ARCH = YES;
				SDKROOT = iphoneos;
				SWIFT_VERSION = 4.0;
			};
			name = Debug;
		};
		19C0172C1F72CC3A00D29F73 /* Release */ = {
			isa = XCBuildConfiguration;
			buildSettings = {
				ALWAYS_SEARCH_USER_PATHS = NO;
				CLANG_ANALYZER_NONNULL = YES;
				CLANG_ANALYZER_NUMBER_OBJECT_CONVERSION = YES_AGGRESSIVE;
				CLANG_CXX_LANGUAGE_STANDARD = "gnu++14";
				CLANG_CXX_LIBRARY = "libc++";
				CLANG_ENABLE_MODULES = YES;
				CLANG_ENABLE_OBJC_ARC = YES;
				CLANG_WARN_BLOCK_CAPTURE_AUTORELEASING = YES;
				CLANG_WARN_BOOL_CONVERSION = YES;
				CLANG_WARN_COMMA = YES;
				CLANG_WARN_CONSTANT_CONVERSION = YES;
				CLANG_WARN_DIRECT_OBJC_ISA_USAGE = YES_ERROR;
				CLANG_WARN_DOCUMENTATION_COMMENTS = YES;
				CLANG_WARN_EMPTY_BODY = YES;
				CLANG_WARN_ENUM_CONVERSION = YES;
				CLANG_WARN_INFINITE_RECURSION = YES;
				CLANG_WARN_INT_CONVERSION = YES;
				CLANG_WARN_NON_LITERAL_NULL_CONVERSION = YES;
				CLANG_WARN_OBJC_LITERAL_CONVERSION = YES;
				CLANG_WARN_OBJC_ROOT_CLASS = YES_ERROR;
				CLANG_WARN_RANGE_LOOP_ANALYSIS = YES;
				CLANG_WARN_STRICT_PROTOTYPES = YES;
				CLANG_WARN_SUSPICIOUS_MOVE = YES;
				CLANG_WARN_UNGUARDED_AVAILABILITY = YES_AGGRESSIVE;
				CLANG_WARN_UNREACHABLE_CODE = YES;
				CLANG_WARN__DUPLICATE_METHOD_MATCH = YES;
				CODE_SIGN_IDENTITY = "iPhone Developer";
				COPY_PHASE_STRIP = NO;
				CUSTOM_PRODUCT_NAME = SwiftCommonsCoreAbstractions;
				DEBUG_INFORMATION_FORMAT = "dwarf-with-dsym";
				ENABLE_NS_ASSERTIONS = NO;
				ENABLE_STRICT_OBJC_MSGSEND = YES;
				GCC_C_LANGUAGE_STANDARD = gnu11;
				GCC_NO_COMMON_BLOCKS = YES;
				GCC_WARN_64_TO_32_BIT_CONVERSION = YES;
				GCC_WARN_ABOUT_RETURN_TYPE = YES_ERROR;
				GCC_WARN_UNDECLARED_SELECTOR = YES;
				GCC_WARN_UNINITIALIZED_AUTOS = YES_AGGRESSIVE;
				GCC_WARN_UNUSED_FUNCTION = YES;
				GCC_WARN_UNUSED_VARIABLE = YES;
				IPHONEOS_DEPLOYMENT_TARGET = 11.0;
				MTL_ENABLE_DEBUG_INFO = NO;
				SDKROOT = iphoneos;
				SWIFT_VERSION = 4.0;
				VALIDATE_PRODUCT = YES;
			};
			name = Release;
		};
		19C0172E1F72CC3A00D29F73 /* Debug */ = {
			isa = XCBuildConfiguration;
			baseConfigurationReference = F4E698B9272EFBE973C6133D /* Pods-SwiftCommons.Core.Abstractions.debug.xcconfig */;
			buildSettings = {
				CLANG_ENABLE_MODULES = YES;
				CODE_SIGN_STYLE = Automatic;
				DEVELOPMENT_TEAM = EA5933P8V8;
				LD_RUNPATH_SEARCH_PATHS = "$(inherited) @executable_path/Frameworks @loader_path/Frameworks";
				OTHER_LDFLAGS = "-ObjC";
				PRODUCT_NAME = "$(CUSTOM_PRODUCT_NAME)";
				SKIP_INSTALL = YES;
				SWIFT_OBJC_BRIDGING_HEADER = "Module/Libraries/$(PROJECT_NAME)-Bridging-Header.h";
				SWIFT_OPTIMIZATION_LEVEL = "-Onone";
				SWIFT_VERSION = 4.0;
				TARGETED_DEVICE_FAMILY = "1,2";
			};
			name = Debug;
		};
		19C0172F1F72CC3A00D29F73 /* Release */ = {
			isa = XCBuildConfiguration;
			baseConfigurationReference = 928A6DA32926152631035644 /* Pods-SwiftCommons.Core.Abstractions.release.xcconfig */;
			buildSettings = {
				CLANG_ENABLE_MODULES = YES;
				CODE_SIGN_STYLE = Automatic;
				DEVELOPMENT_TEAM = EA5933P8V8;
				LD_RUNPATH_SEARCH_PATHS = "$(inherited) @executable_path/Frameworks @loader_path/Frameworks";
				OTHER_LDFLAGS = "-ObjC";
				PRODUCT_NAME = "$(CUSTOM_PRODUCT_NAME)";
				SKIP_INSTALL = YES;
				SWIFT_OBJC_BRIDGING_HEADER = "Module/Libraries/$(PROJECT_NAME)-Bridging-Header.h";
				SWIFT_VERSION = 4.0;
				TARGETED_DEVICE_FAMILY = "1,2";
			};
			name = Release;
		};
/* End XCBuildConfiguration section */

/* Begin XCConfigurationList section */
		195D39571F72CE4900118D17 /* Build configuration list for PBXNativeTarget "SwiftCommons.Core.Abstractions.UnitTests" */ = {
			isa = XCConfigurationList;
			buildConfigurations = (
				195D39581F72CE4900118D17 /* Debug */,
				195D39591F72CE4900118D17 /* Release */,
			);
			defaultConfigurationIsVisible = 0;
			defaultConfigurationName = Release;
		};
		19C0171F1F72CC3A00D29F73 /* Build configuration list for PBXProject "SwiftCommons.Core.Abstractions" */ = {
			isa = XCConfigurationList;
			buildConfigurations = (
				19C0172B1F72CC3A00D29F73 /* Debug */,
				19C0172C1F72CC3A00D29F73 /* Release */,
			);
			defaultConfigurationIsVisible = 0;
			defaultConfigurationName = Release;
		};
		19C0172D1F72CC3A00D29F73 /* Build configuration list for PBXNativeTarget "SwiftCommons.Core.Abstractions" */ = {
			isa = XCConfigurationList;
			buildConfigurations = (
				19C0172E1F72CC3A00D29F73 /* Debug */,
				19C0172F1F72CC3A00D29F73 /* Release */,
			);
			defaultConfigurationIsVisible = 0;
			defaultConfigurationName = Release;
		};
/* End XCConfigurationList section */
	};
	rootObject = 19C0171C1F72CC3A00D29F73 /* Project object */;
}
