PODS:
  - CryptoSwift-SCF53 (1.3.2):
    - CryptoSwift-SCF53/StaticCocoaFramework (= 1.3.2)
  - CryptoSwift-SCF53/StaticCocoaFramework (1.3.2)
  - Dispatch-SCF53 (2.0.4):
    - Dispatch-SCF53/StaticCocoaFramework (= 2.0.4)
  - Dispatch-SCF53/StaticCocoaFramework (2.0.4)
  - GHODictionary-SCF53 (1.1.0):
    - GHODictionary-SCF53/StaticCocoaFramework (= 1.1.0)
  - GHODictionary-SCF53/StaticCocoaFramework (1.1.0)
  - MPMessagePack-SCF53 (1.5.1):
    - MPMessagePack-SCF53/StaticCocoaFramework (= 1.5.1)
  - MPMessagePack-SCF53/StaticCocoaFramework (1.5.1):
    - GHODictionary-SCF53 (~> 1.1.0)

DEPENDENCIES:
  - CryptoSwift-SCF53 (~> 1.3.2)
  - Dispatch-SCF53 (~> 2.0.4)
  - MPMessagePack-SCF53 (~> 1.5.1)

SPEC REPOS:
  https://github.com/roxiemobile/static-cocoa-frameworks.ios.git:
    - CryptoSwift-SCF53
    - Dispatch-SCF53
    - GHODictionary-SCF53
    - MPMessagePack-SCF53

SPEC CHECKSUMS:
  CryptoSwift-SCF53: 381130a78a83b60dbcfa2cb576993eec051bcd12
  Dispatch-SCF53: 40f13b882a78c8e567d3e581221f086537a5c172
  GHODictionary-SCF53: bb1a0d02b6e4e241bb856ecafb148e7624950c01
  MPMessagePack-SCF53: 2233a549c54fdce9e6bdc555090a78534d4d8f48

PODFILE CHECKSUM: 02f83366513651fc4b9ef809976325b70b86d17a

COCOAPODS: 1.10.0
