PODS:
  - CryptoSwift (0.8.0)
  - SQLCipher (3.4.1):
    - SQLCipher/standard (= 3.4.1)
  - SQLCipher/common (3.4.1)
  - SQLCipher/standard (3.4.1):
    - SQLCipher/common
  - SQLite.swift/SQLCipher (0.11.4):
    - SQLCipher (>= 3.4.0)
  - SwiftCommons/Core/Abstractions (0.0.1)
  - SwiftCommons/Core/Concurrent (0.0.1)
  - SwiftCommons/Core/Data (0.0.1):
    - CryptoSwift (~> 0.8.0)
    - SwiftCommons/Core/Diagnostics (= 0.0.1)
  - SwiftCommons/Core/Diagnostics (0.0.1):
    - SwiftCommons/Core/Concurrent (= 0.0.1)
    - SwiftCommons/Core/Extensions (= 0.0.1)
  - SwiftCommons/Core/Extensions (0.0.1):
    - SwiftCommons/Core/Abstractions (= 0.0.1)
    - SwiftCommons/Core/Logging (= 0.0.1)
  - SwiftCommons/Core/Lang (0.0.1)
  - SwiftCommons/Core/Logging (0.0.1):
    - SwiftCommons/Core/Concurrent (= 0.0.1)
    - SwiftCommons/Core/Lang (= 0.0.1)

DEPENDENCIES:
  - CryptoSwift (~> 0.8.0)
  - SQLite.swift/SQLCipher (~> 0.11.4)
  - SwiftCommons/Core/Abstractions (from `../../`)
  - SwiftCommons/Core/Concurrent (from `../../`)
  - SwiftCommons/Core/Data (from `../../`)
  - SwiftCommons/Core/Diagnostics (from `../../`)
  - SwiftCommons/Core/Extensions (from `../../`)
  - SwiftCommons/Core/Lang (from `../../`)
  - SwiftCommons/Core/Logging (from `../../`)

EXTERNAL SOURCES:
  SwiftCommons:
    :path: ../../

SPEC CHECKSUMS:
  CryptoSwift: f81907430ebbe38b8404b4f6fb40f3c576a8755f
  SQLCipher: 43d12c0eb9c57fb438749618fc3ce0065509a559
  SQLite.swift: 3e3bee21da701b5b9f87c4a672cb54f233505692
  SwiftCommons: c231da391b282c94c54af08f416f75e7a85c9a8b

PODFILE CHECKSUM: 48aba9f01ad939286ecec9a4deb47e2a66a5632a

COCOAPODS: 1.4.0.beta.1
