PODS:
  - CryptoSwift (1.0.0)
  - Dispatch (2.0.4)

DEPENDENCIES:
  - CryptoSwift (~> 1.0.0)
  - Dispatch (from `https://github.com/MamuninaNV/Dispatch.git`, branch `hotfix/2.0.4-patch.1`)

SPEC REPOS:
  https://github.com/cocoapods/specs.git:
    - CryptoSwift

EXTERNAL SOURCES:
  Dispatch:
    :branch: hotfix/2.0.4-patch.1
    :git: https://github.com/MamuninaNV/Dispatch.git

CHECKOUT OPTIONS:
  Dispatch:
    :commit: d3c87e65f3c661dd142666b17249852f153f14b5
    :git: https://github.com/MamuninaNV/Dispatch.git

SPEC CHECKSUMS:
  CryptoSwift: d81eeaa59dc5a8d03720fe919a6fd07b51f7439f
  Dispatch: ad154514db1b6100a4cb752d8566acc846adf614

PODFILE CHECKSUM: c7fbe7f61fc7eadfa3f944deeef65c3363913239

COCOAPODS: 1.6.1
